// !$*UTF8*$!
{
	archiveVersion = 1;
	classes = {
	};
	objectVersion = 46;
	objects = {

/* Begin PBXBuildFile section */
		9859F6FB3C7737EF76B1BDF0 /* Pods_FbMty.framework in Frameworks */ = {isa = PBXBuildFile; fileRef = 49224737D84D00102777A932 /* Pods_FbMty.framework */; };
		B61E0D5220D87328002268EC /* MyTicketDetailViewController.swift in Sources */ = {isa = PBXBuildFile; fileRef = B61E0D5120D87328002268EC /* MyTicketDetailViewController.swift */; };
		B61E0D5420D95575002268EC /* ServiceAdminFormViewController.swift in Sources */ = {isa = PBXBuildFile; fileRef = B61E0D5320D95575002268EC /* ServiceAdminFormViewController.swift */; };
		B61E0D5620D95AC5002268EC /* ParkingsRequestViewController.swift in Sources */ = {isa = PBXBuildFile; fileRef = B61E0D5520D95AC5002268EC /* ParkingsRequestViewController.swift */; };
		B61E0D5820D95AEC002268EC /* ParkingsInboxViewController.swift in Sources */ = {isa = PBXBuildFile; fileRef = B61E0D5720D95AEC002268EC /* ParkingsInboxViewController.swift */; };
		B61E0D5A20D9B0A9002268EC /* ServiceDescDataSource.swift in Sources */ = {isa = PBXBuildFile; fileRef = B61E0D5920D9B0A9002268EC /* ServiceDescDataSource.swift */; };
		B61E0D5C20D9B0C2002268EC /* ServiceDescTableViewCell.swift in Sources */ = {isa = PBXBuildFile; fileRef = B61E0D5B20D9B0C2002268EC /* ServiceDescTableViewCell.swift */; };
		B61E0D5E20DA2720002268EC /* ParkingsInboxDataSource.swift in Sources */ = {isa = PBXBuildFile; fileRef = B61E0D5D20DA2720002268EC /* ParkingsInboxDataSource.swift */; };
		B61E0D6020DA273A002268EC /* ParkingsInboxInboxTableViewCell.swift in Sources */ = {isa = PBXBuildFile; fileRef = B61E0D5F20DA273A002268EC /* ParkingsInboxInboxTableViewCell.swift */; };
		B6316B7920C052970050DC02 /* TicketPresenter.swift in Sources */ = {isa = PBXBuildFile; fileRef = B6316B7820C052970050DC02 /* TicketPresenter.swift */; };
		B6316B7B20C075C40050DC02 /* StatusParkings.swift in Sources */ = {isa = PBXBuildFile; fileRef = B6316B7A20C075C40050DC02 /* StatusParkings.swift */; };
		B63BF03820D0415600676087 /* MaintenanceDetailViewController.swift in Sources */ = {isa = PBXBuildFile; fileRef = B63BF03720D0415600676087 /* MaintenanceDetailViewController.swift */; };
		B63BF03A20D07AFF00676087 /* PaymentsTableViewCell.swift in Sources */ = {isa = PBXBuildFile; fileRef = B63BF03920D07AFF00676087 /* PaymentsTableViewCell.swift */; };
		B63BF03C20D07B2200676087 /* PaymentsDataSource.swift in Sources */ = {isa = PBXBuildFile; fileRef = B63BF03B20D07B2200676087 /* PaymentsDataSource.swift */; };
		B64574011FD1D481002185C6 /* AppDelegate.swift in Sources */ = {isa = PBXBuildFile; fileRef = B64574001FD1D481002185C6 /* AppDelegate.swift */; };
		B64574031FD1D481002185C6 /* ViewController.swift in Sources */ = {isa = PBXBuildFile; fileRef = B64574021FD1D481002185C6 /* ViewController.swift */; };
		B64574061FD1D481002185C6 /* Main.storyboard in Resources */ = {isa = PBXBuildFile; fileRef = B64574041FD1D481002185C6 /* Main.storyboard */; };
		B64574081FD1D481002185C6 /* Assets.xcassets in Resources */ = {isa = PBXBuildFile; fileRef = B64574071FD1D481002185C6 /* Assets.xcassets */; };
		B645740B1FD1D481002185C6 /* LaunchScreen.storyboard in Resources */ = {isa = PBXBuildFile; fileRef = B64574091FD1D481002185C6 /* LaunchScreen.storyboard */; };
		B64574161FD1D481002185C6 /* FbMtyTests.swift in Sources */ = {isa = PBXBuildFile; fileRef = B64574151FD1D481002185C6 /* FbMtyTests.swift */; };
		B64574211FD1D481002185C6 /* FbMtyUITests.swift in Sources */ = {isa = PBXBuildFile; fileRef = B64574201FD1D481002185C6 /* FbMtyUITests.swift */; };
		B64574411FD1DF2E002185C6 /* Icons.xcassets in Resources */ = {isa = PBXBuildFile; fileRef = B64574401FD1DF2E002185C6 /* Icons.xcassets */; };
		B64574431FD1DF41002185C6 /* Images.xcassets in Resources */ = {isa = PBXBuildFile; fileRef = B64574421FD1DF41002185C6 /* Images.xcassets */; };
		B64574451FD1E3C7002185C6 /* DesignUtils.swift in Sources */ = {isa = PBXBuildFile; fileRef = B64574441FD1E3C7002185C6 /* DesignUtils.swift */; };
		B64574471FD1E555002185C6 /* ActivityHolding.swift in Sources */ = {isa = PBXBuildFile; fileRef = B64574461FD1E555002185C6 /* ActivityHolding.swift */; };
		B64574491FD1E780002185C6 /* Address.swift in Sources */ = {isa = PBXBuildFile; fileRef = B64574481FD1E780002185C6 /* Address.swift */; };
		B645744B1FD1E92B002185C6 /* Contact.swift in Sources */ = {isa = PBXBuildFile; fileRef = B645744A1FD1E92B002185C6 /* Contact.swift */; };
		B645744D1FD1E986002185C6 /* Phone.swift in Sources */ = {isa = PBXBuildFile; fileRef = B645744C1FD1E986002185C6 /* Phone.swift */; };
		B645744F1FD1EA6F002185C6 /* Coordinate.swift in Sources */ = {isa = PBXBuildFile; fileRef = B645744E1FD1EA6F002185C6 /* Coordinate.swift */; };
		B64574511FD1EAE2002185C6 /* Maintenance.swift in Sources */ = {isa = PBXBuildFile; fileRef = B64574501FD1EAE2002185C6 /* Maintenance.swift */; };
		B64574531FD1EBCD002185C6 /* Office.swift in Sources */ = {isa = PBXBuildFile; fileRef = B64574521FD1EBCD002185C6 /* Office.swift */; };
		B64574551FD1EC99002185C6 /* Payments.swift in Sources */ = {isa = PBXBuildFile; fileRef = B64574541FD1EC99002185C6 /* Payments.swift */; };
		B64574571FD1ED84002185C6 /* Picture.swift in Sources */ = {isa = PBXBuildFile; fileRef = B64574561FD1ED84002185C6 /* Picture.swift */; };
		B64574591FD1EE53002185C6 /* Plan.swift in Sources */ = {isa = PBXBuildFile; fileRef = B64574581FD1EE53002185C6 /* Plan.swift */; };
		B645745B1FD1EECC002185C6 /* Provider.swift in Sources */ = {isa = PBXBuildFile; fileRef = B645745A1FD1EECC002185C6 /* Provider.swift */; };
		B645745D1FD1EF4B002185C6 /* Service.swift in Sources */ = {isa = PBXBuildFile; fileRef = B645745C1FD1EF4B002185C6 /* Service.swift */; };
		B645745F1FD1EFFB002185C6 /* Ticket.swift in Sources */ = {isa = PBXBuildFile; fileRef = B645745E1FD1EFFB002185C6 /* Ticket.swift */; };
		B64574611FD1F20B002185C6 /* ChatRequest.swift in Sources */ = {isa = PBXBuildFile; fileRef = B64574601FD1F20B002185C6 /* ChatRequest.swift */; };
		B64574631FD1F320002185C6 /* LoginRequest.swift in Sources */ = {isa = PBXBuildFile; fileRef = B64574621FD1F320002185C6 /* LoginRequest.swift */; };
		B64574651FD1F3DB002185C6 /* MaintenanceTicketRequest.swift in Sources */ = {isa = PBXBuildFile; fileRef = B64574641FD1F3DB002185C6 /* MaintenanceTicketRequest.swift */; };
		B64574671FD1F49B002185C6 /* PaymentRequest.swift in Sources */ = {isa = PBXBuildFile; fileRef = B64574661FD1F49B002185C6 /* PaymentRequest.swift */; };
		B64574691FD1F55B002185C6 /* RecoveryPasswordRequest.swift in Sources */ = {isa = PBXBuildFile; fileRef = B64574681FD1F55B002185C6 /* RecoveryPasswordRequest.swift */; };
		B64C686C20D020CC00D9AAE4 /* MaintenanceDataSource.swift in Sources */ = {isa = PBXBuildFile; fileRef = B64C686B20D020CC00D9AAE4 /* MaintenanceDataSource.swift */; };
		B64C686E20D020E500D9AAE4 /* MaintenanceTableViewCell.swift in Sources */ = {isa = PBXBuildFile; fileRef = B64C686D20D020E500D9AAE4 /* MaintenanceTableViewCell.swift */; };
		B64E53DF20B78A090062C41E /* Reach.swift in Sources */ = {isa = PBXBuildFile; fileRef = B64E53DE20B78A090062C41E /* Reach.swift */; };
		B64E53E120B78B850062C41E /* Constants.swift in Sources */ = {isa = PBXBuildFile; fileRef = B64E53E020B78B850062C41E /* Constants.swift */; };
		B64E53E320B88F550062C41E /* Validators.swift in Sources */ = {isa = PBXBuildFile; fileRef = B64E53E220B88F550062C41E /* Validators.swift */; };
		B64E53E520B8D4070062C41E /* HoldingPresenter.swift in Sources */ = {isa = PBXBuildFile; fileRef = B64E53E420B8D4070062C41E /* HoldingPresenter.swift */; };
		B64E53E720BC5EA90062C41E /* LoginPresenter.swift in Sources */ = {isa = PBXBuildFile; fileRef = B64E53E620BC5EA90062C41E /* LoginPresenter.swift */; };
		B64E53E920BC6B650062C41E /* MaintenancePresenter.swift in Sources */ = {isa = PBXBuildFile; fileRef = B64E53E820BC6B650062C41E /* MaintenancePresenter.swift */; };
		B64E53EB20BC6FBC0062C41E /* MyTicketsPresenter.swift in Sources */ = {isa = PBXBuildFile; fileRef = B64E53EA20BC6FBC0062C41E /* MyTicketsPresenter.swift */; };
		B64E53ED20BC750C0062C41E /* ParkingsInboxPresenter.swift in Sources */ = {isa = PBXBuildFile; fileRef = B64E53EC20BC750C0062C41E /* ParkingsInboxPresenter.swift */; };
		B64E53EF20BC78990062C41E /* ParkingsRequestPresenter.swift in Sources */ = {isa = PBXBuildFile; fileRef = B64E53EE20BC78990062C41E /* ParkingsRequestPresenter.swift */; };
		B64E53F120BC83150062C41E /* PaymentsPresenter.swift in Sources */ = {isa = PBXBuildFile; fileRef = B64E53F020BC83150062C41E /* PaymentsPresenter.swift */; };
		B64E53F320BC87D10062C41E /* ProfilePresenter.swift in Sources */ = {isa = PBXBuildFile; fileRef = B64E53F220BC87D10062C41E /* ProfilePresenter.swift */; };
		B64E53F520BCA8640062C41E /* RegisterPresenter.swift in Sources */ = {isa = PBXBuildFile; fileRef = B64E53F420BCA8640062C41E /* RegisterPresenter.swift */; };
		B64E53F720BCAA4E0062C41E /* RegisterRequest.swift in Sources */ = {isa = PBXBuildFile; fileRef = B64E53F620BCAA4E0062C41E /* RegisterRequest.swift */; };
		B65DD6A81FDF16CE00F3626C /* BaseViewController.swift in Sources */ = {isa = PBXBuildFile; fileRef = B65DD6A71FDF16CE00F3626C /* BaseViewController.swift */; };
		B65DD6AA1FDF16F700F3626C /* BasePresenter.swift in Sources */ = {isa = PBXBuildFile; fileRef = B65DD6A91FDF16F700F3626C /* BasePresenter.swift */; };
		B65DD6AE1FDF175E00F3626C /* MenuViewController.swift in Sources */ = {isa = PBXBuildFile; fileRef = B65DD6AD1FDF175E00F3626C /* MenuViewController.swift */; };
		B65DD6B01FDF3D9C00F3626C /* PaymentsViewController.swift in Sources */ = {isa = PBXBuildFile; fileRef = B65DD6AF1FDF3D9C00F3626C /* PaymentsViewController.swift */; };
		B65DD6B21FDF3DAE00F3626C /* MaintenanceViewController.swift in Sources */ = {isa = PBXBuildFile; fileRef = B65DD6B11FDF3DAE00F3626C /* MaintenanceViewController.swift */; };
		B65DD6B41FDF3DBB00F3626C /* TicketViewController.swift in Sources */ = {isa = PBXBuildFile; fileRef = B65DD6B31FDF3DBB00F3626C /* TicketViewController.swift */; };
		B6653C1120CEEB4500F9189C /* MultimediaViewController.swift in Sources */ = {isa = PBXBuildFile; fileRef = B6653C1020CEEB4500F9189C /* MultimediaViewController.swift */; };
		B6653C1320CEFDE100F9189C /* MenuTabViewController.swift in Sources */ = {isa = PBXBuildFile; fileRef = B6653C1220CEFDE100F9189C /* MenuTabViewController.swift */; };
		B6653C1520CF1C9B00F9189C /* ProfileViewController.swift in Sources */ = {isa = PBXBuildFile; fileRef = B6653C1420CF1C9B00F9189C /* ProfileViewController.swift */; };
		B68FEDE820CAEB09005FD33A /* DownloadsDataSource.swift in Sources */ = {isa = PBXBuildFile; fileRef = B68FEDE720CAEB09005FD33A /* DownloadsDataSource.swift */; };
		B68FEDEA20CAEB2E005FD33A /* DownloadsTableViewCell.swift in Sources */ = {isa = PBXBuildFile; fileRef = B68FEDE920CAEB2E005FD33A /* DownloadsTableViewCell.swift */; };
		B68FEDEC20CAEC13005FD33A /* DownloadDelegate.swift in Sources */ = {isa = PBXBuildFile; fileRef = B68FEDEB20CAEC13005FD33A /* DownloadDelegate.swift */; };
		B6907E6720DB2261009D11FA /* ChatCollectionViewController.swift in Sources */ = {isa = PBXBuildFile; fileRef = B6907E6620DB2261009D11FA /* ChatCollectionViewController.swift */; };
		B6907E6920DB2284009D11FA /* ChatCollectionCollectionViewCell.swift in Sources */ = {isa = PBXBuildFile; fileRef = B6907E6820DB2284009D11FA /* ChatCollectionCollectionViewCell.swift */; };
		B6907E6B20DB229A009D11FA /* ChatUserCollectionViewCell.swift in Sources */ = {isa = PBXBuildFile; fileRef = B6907E6A20DB229A009D11FA /* ChatUserCollectionViewCell.swift */; };
		B6907E6F20DC07B2009D11FA /* MessagesConsViewController.swift in Sources */ = {isa = PBXBuildFile; fileRef = B6907E6E20DC07B2009D11FA /* MessagesConsViewController.swift */; };
		B6907E7120DC07C9009D11FA /* MessagesTableViewCell.swift in Sources */ = {isa = PBXBuildFile; fileRef = B6907E7020DC07C9009D11FA /* MessagesTableViewCell.swift */; };
		B6907E7320DC1404009D11FA /* MessagesFbTableViewCell.swift in Sources */ = {isa = PBXBuildFile; fileRef = B6907E7220DC1404009D11FA /* MessagesFbTableViewCell.swift */; };
		B6A0481720D432600072AFC4 /* TicketsDataSource.swift in Sources */ = {isa = PBXBuildFile; fileRef = B6A0481620D432600072AFC4 /* TicketsDataSource.swift */; };
		B6A0481920D432810072AFC4 /* TicketsTableViewCell.swift in Sources */ = {isa = PBXBuildFile; fileRef = B6A0481820D432810072AFC4 /* TicketsTableViewCell.swift */; };
		B6A0481B20D435140072AFC4 /* TicketsDelegate.swift in Sources */ = {isa = PBXBuildFile; fileRef = B6A0481A20D435140072AFC4 /* TicketsDelegate.swift */; };
		B6A0481D20D71EC80072AFC4 /* TicketFormViewController.swift in Sources */ = {isa = PBXBuildFile; fileRef = B6A0481C20D71EC80072AFC4 /* TicketFormViewController.swift */; };
		B6A0482220D7F7D40072AFC4 /* CloudKit.framework in Frameworks */ = {isa = PBXBuildFile; fileRef = B6A0482120D7F7D40072AFC4 /* CloudKit.framework */; };
		B6A0482420D864970072AFC4 /* MyTicketsViewController.swift in Sources */ = {isa = PBXBuildFile; fileRef = B6A0482320D864970072AFC4 /* MyTicketsViewController.swift */; };
		B6A0482620D8694F0072AFC4 /* MyTicketsTableViewCell.swift in Sources */ = {isa = PBXBuildFile; fileRef = B6A0482520D8694F0072AFC4 /* MyTicketsTableViewCell.swift */; };
		B6A0482820D86AC90072AFC4 /* MyTicketsDataSource.swift in Sources */ = {isa = PBXBuildFile; fileRef = B6A0482720D86AC90072AFC4 /* MyTicketsDataSource.swift */; };
		B6A1617C20D1761100334EFA /* ChatViewController.swift in Sources */ = {isa = PBXBuildFile; fileRef = B6A1617B20D1761100334EFA /* ChatViewController.swift */; };
		B6A1617E20D18EB600334EFA /* MessageTableViewCell.swift in Sources */ = {isa = PBXBuildFile; fileRef = B6A1617D20D18EB600334EFA /* MessageTableViewCell.swift */; };
		B6A1618020D18EED00334EFA /* MessageDataSource.swift in Sources */ = {isa = PBXBuildFile; fileRef = B6A1617F20D18EED00334EFA /* MessageDataSource.swift */; };
		B6A1618220D1C57000334EFA /* MessageSentTableViewCell.swift in Sources */ = {isa = PBXBuildFile; fileRef = B6A1618120D1C57000334EFA /* MessageSentTableViewCell.swift */; };
		B6A1618420D336A600334EFA /* PaymentsDetailViewController.swift in Sources */ = {isa = PBXBuildFile; fileRef = B6A1618320D336A600334EFA /* PaymentsDetailViewController.swift */; };
		B6ACBE1120C9F781006561EE /* ServicesTabDelegate.swift in Sources */ = {isa = PBXBuildFile; fileRef = B6ACBE1020C9F781006561EE /* ServicesTabDelegate.swift */; };
		B6B2CE1220C1BF04003BD535 /* LogicUtils.swift in Sources */ = {isa = PBXBuildFile; fileRef = B6B2CE1120C1BF04003BD535 /* LogicUtils.swift */; };
		B6B2CE1420C1BFF1003BD535 /* Prefs.swift in Sources */ = {isa = PBXBuildFile; fileRef = B6B2CE1320C1BFF1003BD535 /* Prefs.swift */; };
		B6B3BD2A20C8338C00EDAF89 /* Keys.swift in Sources */ = {isa = PBXBuildFile; fileRef = B6B3BD2920C8338C00EDAF89 /* Keys.swift */; };
		B6B3BD2C20C884ED00EDAF89 /* RegisterViewController.swift in Sources */ = {isa = PBXBuildFile; fileRef = B6B3BD2B20C884ED00EDAF89 /* RegisterViewController.swift */; };
		B6C88C3820E6E8C2001BF721 /* TmpDirectory.swift in Sources */ = {isa = PBXBuildFile; fileRef = B6C88C3720E6E8C2001BF721 /* TmpDirectory.swift */; };
		B6CF2D7720B625550035EA51 /* HoldingResponse.swift in Sources */ = {isa = PBXBuildFile; fileRef = B6CF2D7620B625550035EA51 /* HoldingResponse.swift */; };
		B6CF2D7920B62DE10035EA51 /* PicturesResponse.swift in Sources */ = {isa = PBXBuildFile; fileRef = B6CF2D7820B62DE10035EA51 /* PicturesResponse.swift */; };
		B6CF2D7B20B75CBC0035EA51 /* LoginResponse.swift in Sources */ = {isa = PBXBuildFile; fileRef = B6CF2D7A20B75CBC0035EA51 /* LoginResponse.swift */; };
		B6CF2D7D20B75F580035EA51 /* MessageResponse.swift in Sources */ = {isa = PBXBuildFile; fileRef = B6CF2D7C20B75F580035EA51 /* MessageResponse.swift */; };
		B6CF2D7F20B760F90035EA51 /* MyTicketResponse.swift in Sources */ = {isa = PBXBuildFile; fileRef = B6CF2D7E20B760F90035EA51 /* MyTicketResponse.swift */; };
		B6CF2D8120B764580035EA51 /* ServicesDataResponse.swift in Sources */ = {isa = PBXBuildFile; fileRef = B6CF2D8020B764580035EA51 /* ServicesDataResponse.swift */; };
		B6CF2D8320B767D50035EA51 /* ServicesDescResponse.swift in Sources */ = {isa = PBXBuildFile; fileRef = B6CF2D8220B767D50035EA51 /* ServicesDescResponse.swift */; };
		B6CF2D8520B76CB50035EA51 /* Urls.swift in Sources */ = {isa = PBXBuildFile; fileRef = B6CF2D8420B76CB50035EA51 /* Urls.swift */; };
		B6CF2D8720B77DF60035EA51 /* ChatDelegate.swift in Sources */ = {isa = PBXBuildFile; fileRef = B6CF2D8620B77DF60035EA51 /* ChatDelegate.swift */; };
		B6CF2D8920B77FA10035EA51 /* DonwloadDelegate.swift in Sources */ = {isa = PBXBuildFile; fileRef = B6CF2D8820B77FA10035EA51 /* DonwloadDelegate.swift */; };
		B6CF2D8B20B77FDF0035EA51 /* HoldingDelegate.swift in Sources */ = {isa = PBXBuildFile; fileRef = B6CF2D8A20B77FDF0035EA51 /* HoldingDelegate.swift */; };
		B6CF2D8D20B780500035EA51 /* LoginDelegate.swift in Sources */ = {isa = PBXBuildFile; fileRef = B6CF2D8C20B780500035EA51 /* LoginDelegate.swift */; };
		B6CF2D8F20B780EC0035EA51 /* MaintenanceDelegate.swift in Sources */ = {isa = PBXBuildFile; fileRef = B6CF2D8E20B780EC0035EA51 /* MaintenanceDelegate.swift */; };
		B6CF2D9120B781810035EA51 /* MyTicketsDelegate.swift in Sources */ = {isa = PBXBuildFile; fileRef = B6CF2D9020B781810035EA51 /* MyTicketsDelegate.swift */; };
		B6CF2D9320B781F30035EA51 /* ParkingsInboxDelegate.swift in Sources */ = {isa = PBXBuildFile; fileRef = B6CF2D9220B781F30035EA51 /* ParkingsInboxDelegate.swift */; };
		B6CF2D9520B782420035EA51 /* ParkingsRequestDelegate.swift in Sources */ = {isa = PBXBuildFile; fileRef = B6CF2D9420B782420035EA51 /* ParkingsRequestDelegate.swift */; };
		B6CF2D9720B782BE0035EA51 /* PaymentsDelegate.swift in Sources */ = {isa = PBXBuildFile; fileRef = B6CF2D9620B782BE0035EA51 /* PaymentsDelegate.swift */; };
		B6CF2D9920B783510035EA51 /* ProfileDelegate.swift in Sources */ = {isa = PBXBuildFile; fileRef = B6CF2D9820B783510035EA51 /* ProfileDelegate.swift */; };
		B6CF2D9B20B783B70035EA51 /* RegisterDelegate.swift in Sources */ = {isa = PBXBuildFile; fileRef = B6CF2D9A20B783B70035EA51 /* RegisterDelegate.swift */; };
		B6CF2D9D20B784500035EA51 /* TicketDelegate.swift in Sources */ = {isa = PBXBuildFile; fileRef = B6CF2D9C20B784500035EA51 /* TicketDelegate.swift */; };
		B6CF2D9F20B785E90035EA51 /* ChatPresenter.swift in Sources */ = {isa = PBXBuildFile; fileRef = B6CF2D9E20B785E90035EA51 /* ChatPresenter.swift */; };
		B6CF2DA120B788080035EA51 /* RealmManager.swift in Sources */ = {isa = PBXBuildFile; fileRef = B6CF2DA020B788080035EA51 /* RealmManager.swift */; };
		B6DCCEB720DAF17E0018178F /* MessagesViewController.swift in Sources */ = {isa = PBXBuildFile; fileRef = B6DCCEB620DAF17E0018178F /* MessagesViewController.swift */; };
		B6DCCEB920DAF1BC0018178F /* ChatDataSource.swift in Sources */ = {isa = PBXBuildFile; fileRef = B6DCCEB820DAF1BC0018178F /* ChatDataSource.swift */; };
		B6DCCEBB20DAF1D20018178F /* ChatTableViewCell.swift in Sources */ = {isa = PBXBuildFile; fileRef = B6DCCEBA20DAF1D20018178F /* ChatTableViewCell.swift */; };
		B6DCCEBD20DAF2DC0018178F /* ChatUserTableViewCell.swift in Sources */ = {isa = PBXBuildFile; fileRef = B6DCCEBC20DAF2DC0018178F /* ChatUserTableViewCell.swift */; };
		B6E498A0201BEE7800703224 /* MySpaceViewController.swift in Sources */ = {isa = PBXBuildFile; fileRef = B6E4989F201BEE7800703224 /* MySpaceViewController.swift */; };
		B6E498A2201EB14D00703224 /* LocationViewController.swift in Sources */ = {isa = PBXBuildFile; fileRef = B6E498A1201EB14C00703224 /* LocationViewController.swift */; };
		B6E498A4201EB17900703224 /* DownloadsViewController.swift in Sources */ = {isa = PBXBuildFile; fileRef = B6E498A3201EB17900703224 /* DownloadsViewController.swift */; };
		B6E498A6201EB18D00703224 /* ServicesViewController.swift in Sources */ = {isa = PBXBuildFile; fileRef = B6E498A5201EB18D00703224 /* ServicesViewController.swift */; };
		B6E498A8201EB1A000703224 /* CharacteristicsViewController.swift in Sources */ = {isa = PBXBuildFile; fileRef = B6E498A7201EB1A000703224 /* CharacteristicsViewController.swift */; };
		B6E498AA201EB34200703224 /* ActivityDataSource.swift in Sources */ = {isa = PBXBuildFile; fileRef = B6E498A9201EB34200703224 /* ActivityDataSource.swift */; };
		B6E498AC201EB36000703224 /* ServicesDataSource.swift in Sources */ = {isa = PBXBuildFile; fileRef = B6E498AB201EB36000703224 /* ServicesDataSource.swift */; };
		B6E498AE201EB38F00703224 /* ActivityTableViewCell.swift in Sources */ = {isa = PBXBuildFile; fileRef = B6E498AD201EB38F00703224 /* ActivityTableViewCell.swift */; };
		B6E498B0201EB3A800703224 /* ServicesTableViewCell.swift in Sources */ = {isa = PBXBuildFile; fileRef = B6E498AF201EB3A800703224 /* ServicesTableViewCell.swift */; };
/* End PBXBuildFile section */

/* Begin PBXContainerItemProxy section */
		B64574121FD1D481002185C6 /* PBXContainerItemProxy */ = {
			isa = PBXContainerItemProxy;
			containerPortal = B64573F51FD1D480002185C6 /* Project object */;
			proxyType = 1;
			remoteGlobalIDString = B64573FC1FD1D480002185C6;
			remoteInfo = FbMty;
		};
		B645741D1FD1D481002185C6 /* PBXContainerItemProxy */ = {
			isa = PBXContainerItemProxy;
			containerPortal = B64573F51FD1D480002185C6 /* Project object */;
			proxyType = 1;
			remoteGlobalIDString = B64573FC1FD1D480002185C6;
			remoteInfo = FbMty;
		};
/* End PBXContainerItemProxy section */

/* Begin PBXFileReference section */
		24DDC1B4EC3D1659C16A8776 /* Pods-FbMty.debug.xcconfig */ = {isa = PBXFileReference; includeInIndex = 1; lastKnownFileType = text.xcconfig; name = "Pods-FbMty.debug.xcconfig"; path = "Pods/Target Support Files/Pods-FbMty/Pods-FbMty.debug.xcconfig"; sourceTree = "<group>"; };
		49224737D84D00102777A932 /* Pods_FbMty.framework */ = {isa = PBXFileReference; explicitFileType = wrapper.framework; includeInIndex = 0; path = Pods_FbMty.framework; sourceTree = BUILT_PRODUCTS_DIR; };
		91904E2BF6FCD468340A11F3 /* Pods-FbMty.release.xcconfig */ = {isa = PBXFileReference; includeInIndex = 1; lastKnownFileType = text.xcconfig; name = "Pods-FbMty.release.xcconfig"; path = "Pods/Target Support Files/Pods-FbMty/Pods-FbMty.release.xcconfig"; sourceTree = "<group>"; };
		B61E0D5120D87328002268EC /* MyTicketDetailViewController.swift */ = {isa = PBXFileReference; fileEncoding = 4; lastKnownFileType = sourcecode.swift; path = MyTicketDetailViewController.swift; sourceTree = "<group>"; };
		B61E0D5320D95575002268EC /* ServiceAdminFormViewController.swift */ = {isa = PBXFileReference; fileEncoding = 4; lastKnownFileType = sourcecode.swift; path = ServiceAdminFormViewController.swift; sourceTree = "<group>"; };
		B61E0D5520D95AC5002268EC /* ParkingsRequestViewController.swift */ = {isa = PBXFileReference; fileEncoding = 4; lastKnownFileType = sourcecode.swift; path = ParkingsRequestViewController.swift; sourceTree = "<group>"; };
		B61E0D5720D95AEC002268EC /* ParkingsInboxViewController.swift */ = {isa = PBXFileReference; fileEncoding = 4; lastKnownFileType = sourcecode.swift; path = ParkingsInboxViewController.swift; sourceTree = "<group>"; };
		B61E0D5920D9B0A9002268EC /* ServiceDescDataSource.swift */ = {isa = PBXFileReference; fileEncoding = 4; lastKnownFileType = sourcecode.swift; path = ServiceDescDataSource.swift; sourceTree = "<group>"; };
		B61E0D5B20D9B0C2002268EC /* ServiceDescTableViewCell.swift */ = {isa = PBXFileReference; fileEncoding = 4; lastKnownFileType = sourcecode.swift; path = ServiceDescTableViewCell.swift; sourceTree = "<group>"; };
		B61E0D5D20DA2720002268EC /* ParkingsInboxDataSource.swift */ = {isa = PBXFileReference; fileEncoding = 4; lastKnownFileType = sourcecode.swift; path = ParkingsInboxDataSource.swift; sourceTree = "<group>"; };
		B61E0D5F20DA273A002268EC /* ParkingsInboxInboxTableViewCell.swift */ = {isa = PBXFileReference; fileEncoding = 4; lastKnownFileType = sourcecode.swift; path = ParkingsInboxInboxTableViewCell.swift; sourceTree = "<group>"; };
		B6316B7820C052970050DC02 /* TicketPresenter.swift */ = {isa = PBXFileReference; fileEncoding = 4; lastKnownFileType = sourcecode.swift; path = TicketPresenter.swift; sourceTree = "<group>"; };
		B6316B7A20C075C40050DC02 /* StatusParkings.swift */ = {isa = PBXFileReference; fileEncoding = 4; lastKnownFileType = sourcecode.swift; path = StatusParkings.swift; sourceTree = "<group>"; };
		B63BF03720D0415600676087 /* MaintenanceDetailViewController.swift */ = {isa = PBXFileReference; fileEncoding = 4; lastKnownFileType = sourcecode.swift; path = MaintenanceDetailViewController.swift; sourceTree = "<group>"; };
		B63BF03920D07AFF00676087 /* PaymentsTableViewCell.swift */ = {isa = PBXFileReference; fileEncoding = 4; lastKnownFileType = sourcecode.swift; path = PaymentsTableViewCell.swift; sourceTree = "<group>"; };
		B63BF03B20D07B2200676087 /* PaymentsDataSource.swift */ = {isa = PBXFileReference; fileEncoding = 4; lastKnownFileType = sourcecode.swift; path = PaymentsDataSource.swift; sourceTree = "<group>"; };
		B64573FD1FD1D481002185C6 /* FbMty.app */ = {isa = PBXFileReference; explicitFileType = wrapper.application; includeInIndex = 0; path = FbMty.app; sourceTree = BUILT_PRODUCTS_DIR; };
		B64574001FD1D481002185C6 /* AppDelegate.swift */ = {isa = PBXFileReference; lastKnownFileType = sourcecode.swift; path = AppDelegate.swift; sourceTree = "<group>"; };
		B64574021FD1D481002185C6 /* ViewController.swift */ = {isa = PBXFileReference; lastKnownFileType = sourcecode.swift; name = ViewController.swift; path = ../../ViewController.swift; sourceTree = "<group>"; };
		B64574051FD1D481002185C6 /* Base */ = {isa = PBXFileReference; lastKnownFileType = file.storyboard; name = Base; path = Base.lproj/Main.storyboard; sourceTree = "<group>"; };
		B64574071FD1D481002185C6 /* Assets.xcassets */ = {isa = PBXFileReference; lastKnownFileType = folder.assetcatalog; name = Assets.xcassets; path = ../../Assets.xcassets; sourceTree = "<group>"; };
		B645740A1FD1D481002185C6 /* Base */ = {isa = PBXFileReference; lastKnownFileType = file.storyboard; name = Base; path = Base.lproj/LaunchScreen.storyboard; sourceTree = "<group>"; };
		B645740C1FD1D481002185C6 /* Info.plist */ = {isa = PBXFileReference; lastKnownFileType = text.plist.xml; path = Info.plist; sourceTree = "<group>"; };
		B64574111FD1D481002185C6 /* FbMtyTests.xctest */ = {isa = PBXFileReference; explicitFileType = wrapper.cfbundle; includeInIndex = 0; path = FbMtyTests.xctest; sourceTree = BUILT_PRODUCTS_DIR; };
		B64574151FD1D481002185C6 /* FbMtyTests.swift */ = {isa = PBXFileReference; lastKnownFileType = sourcecode.swift; path = FbMtyTests.swift; sourceTree = "<group>"; };
		B64574171FD1D481002185C6 /* Info.plist */ = {isa = PBXFileReference; lastKnownFileType = text.plist.xml; path = Info.plist; sourceTree = "<group>"; };
		B645741C1FD1D481002185C6 /* FbMtyUITests.xctest */ = {isa = PBXFileReference; explicitFileType = wrapper.cfbundle; includeInIndex = 0; path = FbMtyUITests.xctest; sourceTree = BUILT_PRODUCTS_DIR; };
		B64574201FD1D481002185C6 /* FbMtyUITests.swift */ = {isa = PBXFileReference; lastKnownFileType = sourcecode.swift; path = FbMtyUITests.swift; sourceTree = "<group>"; };
		B64574221FD1D481002185C6 /* Info.plist */ = {isa = PBXFileReference; lastKnownFileType = text.plist.xml; path = Info.plist; sourceTree = "<group>"; };
		B64574401FD1DF2E002185C6 /* Icons.xcassets */ = {isa = PBXFileReference; lastKnownFileType = folder.assetcatalog; path = Icons.xcassets; sourceTree = "<group>"; };
		B64574421FD1DF41002185C6 /* Images.xcassets */ = {isa = PBXFileReference; lastKnownFileType = folder.assetcatalog; path = Images.xcassets; sourceTree = "<group>"; };
		B64574441FD1E3C7002185C6 /* DesignUtils.swift */ = {isa = PBXFileReference; fileEncoding = 4; lastKnownFileType = sourcecode.swift; path = DesignUtils.swift; sourceTree = "<group>"; };
		B64574461FD1E555002185C6 /* ActivityHolding.swift */ = {isa = PBXFileReference; fileEncoding = 4; lastKnownFileType = sourcecode.swift; path = ActivityHolding.swift; sourceTree = "<group>"; };
		B64574481FD1E780002185C6 /* Address.swift */ = {isa = PBXFileReference; fileEncoding = 4; lastKnownFileType = sourcecode.swift; path = Address.swift; sourceTree = "<group>"; };
		B645744A1FD1E92B002185C6 /* Contact.swift */ = {isa = PBXFileReference; fileEncoding = 4; lastKnownFileType = sourcecode.swift; path = Contact.swift; sourceTree = "<group>"; };
		B645744C1FD1E986002185C6 /* Phone.swift */ = {isa = PBXFileReference; fileEncoding = 4; lastKnownFileType = sourcecode.swift; path = Phone.swift; sourceTree = "<group>"; };
		B645744E1FD1EA6F002185C6 /* Coordinate.swift */ = {isa = PBXFileReference; fileEncoding = 4; lastKnownFileType = sourcecode.swift; path = Coordinate.swift; sourceTree = "<group>"; };
		B64574501FD1EAE2002185C6 /* Maintenance.swift */ = {isa = PBXFileReference; fileEncoding = 4; lastKnownFileType = sourcecode.swift; path = Maintenance.swift; sourceTree = "<group>"; };
		B64574521FD1EBCD002185C6 /* Office.swift */ = {isa = PBXFileReference; fileEncoding = 4; lastKnownFileType = sourcecode.swift; path = Office.swift; sourceTree = "<group>"; };
		B64574541FD1EC99002185C6 /* Payments.swift */ = {isa = PBXFileReference; fileEncoding = 4; lastKnownFileType = sourcecode.swift; path = Payments.swift; sourceTree = "<group>"; };
		B64574561FD1ED84002185C6 /* Picture.swift */ = {isa = PBXFileReference; fileEncoding = 4; lastKnownFileType = sourcecode.swift; path = Picture.swift; sourceTree = "<group>"; };
		B64574581FD1EE53002185C6 /* Plan.swift */ = {isa = PBXFileReference; fileEncoding = 4; lastKnownFileType = sourcecode.swift; path = Plan.swift; sourceTree = "<group>"; };
		B645745A1FD1EECC002185C6 /* Provider.swift */ = {isa = PBXFileReference; fileEncoding = 4; lastKnownFileType = sourcecode.swift; path = Provider.swift; sourceTree = "<group>"; };
		B645745C1FD1EF4B002185C6 /* Service.swift */ = {isa = PBXFileReference; fileEncoding = 4; lastKnownFileType = sourcecode.swift; path = Service.swift; sourceTree = "<group>"; };
		B645745E1FD1EFFB002185C6 /* Ticket.swift */ = {isa = PBXFileReference; fileEncoding = 4; lastKnownFileType = sourcecode.swift; path = Ticket.swift; sourceTree = "<group>"; };
		B64574601FD1F20B002185C6 /* ChatRequest.swift */ = {isa = PBXFileReference; fileEncoding = 4; lastKnownFileType = sourcecode.swift; path = ChatRequest.swift; sourceTree = "<group>"; };
		B64574621FD1F320002185C6 /* LoginRequest.swift */ = {isa = PBXFileReference; fileEncoding = 4; lastKnownFileType = sourcecode.swift; path = LoginRequest.swift; sourceTree = "<group>"; };
		B64574641FD1F3DB002185C6 /* MaintenanceTicketRequest.swift */ = {isa = PBXFileReference; fileEncoding = 4; lastKnownFileType = sourcecode.swift; path = MaintenanceTicketRequest.swift; sourceTree = "<group>"; };
		B64574661FD1F49B002185C6 /* PaymentRequest.swift */ = {isa = PBXFileReference; fileEncoding = 4; lastKnownFileType = sourcecode.swift; path = PaymentRequest.swift; sourceTree = "<group>"; };
		B64574681FD1F55B002185C6 /* RecoveryPasswordRequest.swift */ = {isa = PBXFileReference; fileEncoding = 4; lastKnownFileType = sourcecode.swift; path = RecoveryPasswordRequest.swift; sourceTree = "<group>"; };
		B64C686B20D020CC00D9AAE4 /* MaintenanceDataSource.swift */ = {isa = PBXFileReference; fileEncoding = 4; lastKnownFileType = sourcecode.swift; path = MaintenanceDataSource.swift; sourceTree = "<group>"; };
		B64C686D20D020E500D9AAE4 /* MaintenanceTableViewCell.swift */ = {isa = PBXFileReference; fileEncoding = 4; lastKnownFileType = sourcecode.swift; path = MaintenanceTableViewCell.swift; sourceTree = "<group>"; };
		B64E53DE20B78A090062C41E /* Reach.swift */ = {isa = PBXFileReference; fileEncoding = 4; lastKnownFileType = sourcecode.swift; path = Reach.swift; sourceTree = "<group>"; };
		B64E53E020B78B850062C41E /* Constants.swift */ = {isa = PBXFileReference; fileEncoding = 4; lastKnownFileType = sourcecode.swift; path = Constants.swift; sourceTree = "<group>"; };
		B64E53E220B88F550062C41E /* Validators.swift */ = {isa = PBXFileReference; fileEncoding = 4; lastKnownFileType = sourcecode.swift; path = Validators.swift; sourceTree = "<group>"; };
		B64E53E420B8D4070062C41E /* HoldingPresenter.swift */ = {isa = PBXFileReference; fileEncoding = 4; lastKnownFileType = sourcecode.swift; path = HoldingPresenter.swift; sourceTree = "<group>"; };
		B64E53E620BC5EA90062C41E /* LoginPresenter.swift */ = {isa = PBXFileReference; fileEncoding = 4; lastKnownFileType = sourcecode.swift; path = LoginPresenter.swift; sourceTree = "<group>"; };
		B64E53E820BC6B650062C41E /* MaintenancePresenter.swift */ = {isa = PBXFileReference; fileEncoding = 4; lastKnownFileType = sourcecode.swift; path = MaintenancePresenter.swift; sourceTree = "<group>"; };
		B64E53EA20BC6FBC0062C41E /* MyTicketsPresenter.swift */ = {isa = PBXFileReference; fileEncoding = 4; lastKnownFileType = sourcecode.swift; path = MyTicketsPresenter.swift; sourceTree = "<group>"; };
		B64E53EC20BC750C0062C41E /* ParkingsInboxPresenter.swift */ = {isa = PBXFileReference; fileEncoding = 4; lastKnownFileType = sourcecode.swift; path = ParkingsInboxPresenter.swift; sourceTree = "<group>"; };
		B64E53EE20BC78990062C41E /* ParkingsRequestPresenter.swift */ = {isa = PBXFileReference; fileEncoding = 4; lastKnownFileType = sourcecode.swift; path = ParkingsRequestPresenter.swift; sourceTree = "<group>"; };
		B64E53F020BC83150062C41E /* PaymentsPresenter.swift */ = {isa = PBXFileReference; fileEncoding = 4; lastKnownFileType = sourcecode.swift; path = PaymentsPresenter.swift; sourceTree = "<group>"; };
		B64E53F220BC87D10062C41E /* ProfilePresenter.swift */ = {isa = PBXFileReference; fileEncoding = 4; lastKnownFileType = sourcecode.swift; path = ProfilePresenter.swift; sourceTree = "<group>"; };
		B64E53F420BCA8640062C41E /* RegisterPresenter.swift */ = {isa = PBXFileReference; fileEncoding = 4; lastKnownFileType = sourcecode.swift; path = RegisterPresenter.swift; sourceTree = "<group>"; };
		B64E53F620BCAA4E0062C41E /* RegisterRequest.swift */ = {isa = PBXFileReference; fileEncoding = 4; lastKnownFileType = sourcecode.swift; path = RegisterRequest.swift; sourceTree = "<group>"; };
		B65DD6A71FDF16CE00F3626C /* BaseViewController.swift */ = {isa = PBXFileReference; fileEncoding = 4; lastKnownFileType = sourcecode.swift; path = BaseViewController.swift; sourceTree = "<group>"; };
		B65DD6A91FDF16F700F3626C /* BasePresenter.swift */ = {isa = PBXFileReference; fileEncoding = 4; lastKnownFileType = sourcecode.swift; path = BasePresenter.swift; sourceTree = "<group>"; };
		B65DD6AD1FDF175E00F3626C /* MenuViewController.swift */ = {isa = PBXFileReference; fileEncoding = 4; lastKnownFileType = sourcecode.swift; path = MenuViewController.swift; sourceTree = "<group>"; };
		B65DD6AF1FDF3D9C00F3626C /* PaymentsViewController.swift */ = {isa = PBXFileReference; fileEncoding = 4; lastKnownFileType = sourcecode.swift; path = PaymentsViewController.swift; sourceTree = "<group>"; };
		B65DD6B11FDF3DAE00F3626C /* MaintenanceViewController.swift */ = {isa = PBXFileReference; fileEncoding = 4; lastKnownFileType = sourcecode.swift; path = MaintenanceViewController.swift; sourceTree = "<group>"; };
		B65DD6B31FDF3DBB00F3626C /* TicketViewController.swift */ = {isa = PBXFileReference; fileEncoding = 4; lastKnownFileType = sourcecode.swift; path = TicketViewController.swift; sourceTree = "<group>"; };
		B6653C1020CEEB4500F9189C /* MultimediaViewController.swift */ = {isa = PBXFileReference; fileEncoding = 4; lastKnownFileType = sourcecode.swift; path = MultimediaViewController.swift; sourceTree = "<group>"; };
		B6653C1220CEFDE100F9189C /* MenuTabViewController.swift */ = {isa = PBXFileReference; fileEncoding = 4; lastKnownFileType = sourcecode.swift; path = MenuTabViewController.swift; sourceTree = "<group>"; };
		B6653C1420CF1C9B00F9189C /* ProfileViewController.swift */ = {isa = PBXFileReference; fileEncoding = 4; lastKnownFileType = sourcecode.swift; path = ProfileViewController.swift; sourceTree = "<group>"; };
		B68FEDE720CAEB09005FD33A /* DownloadsDataSource.swift */ = {isa = PBXFileReference; fileEncoding = 4; lastKnownFileType = sourcecode.swift; path = DownloadsDataSource.swift; sourceTree = "<group>"; };
		B68FEDE920CAEB2E005FD33A /* DownloadsTableViewCell.swift */ = {isa = PBXFileReference; fileEncoding = 4; lastKnownFileType = sourcecode.swift; path = DownloadsTableViewCell.swift; sourceTree = "<group>"; };
		B68FEDEB20CAEC13005FD33A /* DownloadDelegate.swift */ = {isa = PBXFileReference; fileEncoding = 4; lastKnownFileType = sourcecode.swift; path = DownloadDelegate.swift; sourceTree = "<group>"; };
		B6907E6620DB2261009D11FA /* ChatCollectionViewController.swift */ = {isa = PBXFileReference; fileEncoding = 4; lastKnownFileType = sourcecode.swift; path = ChatCollectionViewController.swift; sourceTree = "<group>"; };
		B6907E6820DB2284009D11FA /* ChatCollectionCollectionViewCell.swift */ = {isa = PBXFileReference; fileEncoding = 4; lastKnownFileType = sourcecode.swift; path = ChatCollectionCollectionViewCell.swift; sourceTree = "<group>"; };
		B6907E6A20DB229A009D11FA /* ChatUserCollectionViewCell.swift */ = {isa = PBXFileReference; fileEncoding = 4; lastKnownFileType = sourcecode.swift; path = ChatUserCollectionViewCell.swift; sourceTree = "<group>"; };
		B6907E6E20DC07B2009D11FA /* MessagesConsViewController.swift */ = {isa = PBXFileReference; fileEncoding = 4; lastKnownFileType = sourcecode.swift; path = MessagesConsViewController.swift; sourceTree = "<group>"; };
		B6907E7020DC07C9009D11FA /* MessagesTableViewCell.swift */ = {isa = PBXFileReference; fileEncoding = 4; lastKnownFileType = sourcecode.swift; path = MessagesTableViewCell.swift; sourceTree = "<group>"; };
		B6907E7220DC1404009D11FA /* MessagesFbTableViewCell.swift */ = {isa = PBXFileReference; fileEncoding = 4; lastKnownFileType = sourcecode.swift; path = MessagesFbTableViewCell.swift; sourceTree = "<group>"; };
		B6A0481620D432600072AFC4 /* TicketsDataSource.swift */ = {isa = PBXFileReference; fileEncoding = 4; lastKnownFileType = sourcecode.swift; path = TicketsDataSource.swift; sourceTree = "<group>"; };
		B6A0481820D432810072AFC4 /* TicketsTableViewCell.swift */ = {isa = PBXFileReference; fileEncoding = 4; lastKnownFileType = sourcecode.swift; path = TicketsTableViewCell.swift; sourceTree = "<group>"; };
		B6A0481A20D435140072AFC4 /* TicketsDelegate.swift */ = {isa = PBXFileReference; fileEncoding = 4; lastKnownFileType = sourcecode.swift; path = TicketsDelegate.swift; sourceTree = "<group>"; };
		B6A0481C20D71EC80072AFC4 /* TicketFormViewController.swift */ = {isa = PBXFileReference; fileEncoding = 4; lastKnownFileType = sourcecode.swift; path = TicketFormViewController.swift; sourceTree = "<group>"; };
		B6A0481E20D7F70F0072AFC4 /* FbMty.entitlements */ = {isa = PBXFileReference; lastKnownFileType = text.plist.entitlements; path = FbMty.entitlements; sourceTree = "<group>"; };
		B6A0482120D7F7D40072AFC4 /* CloudKit.framework */ = {isa = PBXFileReference; lastKnownFileType = wrapper.framework; name = CloudKit.framework; path = System/Library/Frameworks/CloudKit.framework; sourceTree = SDKROOT; };
		B6A0482320D864970072AFC4 /* MyTicketsViewController.swift */ = {isa = PBXFileReference; fileEncoding = 4; lastKnownFileType = sourcecode.swift; path = MyTicketsViewController.swift; sourceTree = "<group>"; };
		B6A0482520D8694F0072AFC4 /* MyTicketsTableViewCell.swift */ = {isa = PBXFileReference; fileEncoding = 4; lastKnownFileType = sourcecode.swift; path = MyTicketsTableViewCell.swift; sourceTree = "<group>"; };
		B6A0482720D86AC90072AFC4 /* MyTicketsDataSource.swift */ = {isa = PBXFileReference; fileEncoding = 4; lastKnownFileType = sourcecode.swift; path = MyTicketsDataSource.swift; sourceTree = "<group>"; };
		B6A1617B20D1761100334EFA /* ChatViewController.swift */ = {isa = PBXFileReference; fileEncoding = 4; lastKnownFileType = sourcecode.swift; path = ChatViewController.swift; sourceTree = "<group>"; };
		B6A1617D20D18EB600334EFA /* MessageTableViewCell.swift */ = {isa = PBXFileReference; fileEncoding = 4; lastKnownFileType = sourcecode.swift; path = MessageTableViewCell.swift; sourceTree = "<group>"; };
		B6A1617F20D18EED00334EFA /* MessageDataSource.swift */ = {isa = PBXFileReference; fileEncoding = 4; lastKnownFileType = sourcecode.swift; path = MessageDataSource.swift; sourceTree = "<group>"; };
		B6A1618120D1C57000334EFA /* MessageSentTableViewCell.swift */ = {isa = PBXFileReference; fileEncoding = 4; lastKnownFileType = sourcecode.swift; path = MessageSentTableViewCell.swift; sourceTree = "<group>"; };
		B6A1618320D336A600334EFA /* PaymentsDetailViewController.swift */ = {isa = PBXFileReference; fileEncoding = 4; lastKnownFileType = sourcecode.swift; path = PaymentsDetailViewController.swift; sourceTree = "<group>"; };
		B6ACBE1020C9F781006561EE /* ServicesTabDelegate.swift */ = {isa = PBXFileReference; fileEncoding = 4; lastKnownFileType = sourcecode.swift; path = ServicesTabDelegate.swift; sourceTree = "<group>"; };
		B6B2CE1120C1BF04003BD535 /* LogicUtils.swift */ = {isa = PBXFileReference; fileEncoding = 4; lastKnownFileType = sourcecode.swift; path = LogicUtils.swift; sourceTree = "<group>"; };
		B6B2CE1320C1BFF1003BD535 /* Prefs.swift */ = {isa = PBXFileReference; fileEncoding = 4; lastKnownFileType = sourcecode.swift; path = Prefs.swift; sourceTree = "<group>"; };
		B6B3BD2920C8338C00EDAF89 /* Keys.swift */ = {isa = PBXFileReference; fileEncoding = 4; lastKnownFileType = sourcecode.swift; path = Keys.swift; sourceTree = "<group>"; };
		B6B3BD2B20C884ED00EDAF89 /* RegisterViewController.swift */ = {isa = PBXFileReference; fileEncoding = 4; lastKnownFileType = sourcecode.swift; name = RegisterViewController.swift; path = ../ViewControllers/RegisterViewController.swift; sourceTree = "<group>"; };
		B6C88C3720E6E8C2001BF721 /* TmpDirectory.swift */ = {isa = PBXFileReference; lastKnownFileType = sourcecode.swift; path = TmpDirectory.swift; sourceTree = "<group>"; };
		B6CF2D7620B625550035EA51 /* HoldingResponse.swift */ = {isa = PBXFileReference; fileEncoding = 4; lastKnownFileType = sourcecode.swift; path = HoldingResponse.swift; sourceTree = "<group>"; };
		B6CF2D7820B62DE10035EA51 /* PicturesResponse.swift */ = {isa = PBXFileReference; fileEncoding = 4; lastKnownFileType = sourcecode.swift; path = PicturesResponse.swift; sourceTree = "<group>"; };
		B6CF2D7A20B75CBC0035EA51 /* LoginResponse.swift */ = {isa = PBXFileReference; fileEncoding = 4; lastKnownFileType = sourcecode.swift; path = LoginResponse.swift; sourceTree = "<group>"; };
		B6CF2D7C20B75F580035EA51 /* MessageResponse.swift */ = {isa = PBXFileReference; fileEncoding = 4; lastKnownFileType = sourcecode.swift; path = MessageResponse.swift; sourceTree = "<group>"; };
		B6CF2D7E20B760F90035EA51 /* MyTicketResponse.swift */ = {isa = PBXFileReference; fileEncoding = 4; lastKnownFileType = sourcecode.swift; path = MyTicketResponse.swift; sourceTree = "<group>"; };
		B6CF2D8020B764580035EA51 /* ServicesDataResponse.swift */ = {isa = PBXFileReference; fileEncoding = 4; lastKnownFileType = sourcecode.swift; path = ServicesDataResponse.swift; sourceTree = "<group>"; };
		B6CF2D8220B767D50035EA51 /* ServicesDescResponse.swift */ = {isa = PBXFileReference; fileEncoding = 4; lastKnownFileType = sourcecode.swift; path = ServicesDescResponse.swift; sourceTree = "<group>"; };
		B6CF2D8420B76CB50035EA51 /* Urls.swift */ = {isa = PBXFileReference; fileEncoding = 4; lastKnownFileType = sourcecode.swift; path = Urls.swift; sourceTree = "<group>"; };
		B6CF2D8620B77DF60035EA51 /* ChatDelegate.swift */ = {isa = PBXFileReference; fileEncoding = 4; lastKnownFileType = sourcecode.swift; path = ChatDelegate.swift; sourceTree = "<group>"; };
		B6CF2D8820B77FA10035EA51 /* DonwloadDelegate.swift */ = {isa = PBXFileReference; fileEncoding = 4; lastKnownFileType = sourcecode.swift; path = DonwloadDelegate.swift; sourceTree = "<group>"; };
		B6CF2D8A20B77FDF0035EA51 /* HoldingDelegate.swift */ = {isa = PBXFileReference; fileEncoding = 4; lastKnownFileType = sourcecode.swift; path = HoldingDelegate.swift; sourceTree = "<group>"; };
		B6CF2D8C20B780500035EA51 /* LoginDelegate.swift */ = {isa = PBXFileReference; fileEncoding = 4; lastKnownFileType = sourcecode.swift; path = LoginDelegate.swift; sourceTree = "<group>"; };
		B6CF2D8E20B780EC0035EA51 /* MaintenanceDelegate.swift */ = {isa = PBXFileReference; fileEncoding = 4; lastKnownFileType = sourcecode.swift; path = MaintenanceDelegate.swift; sourceTree = "<group>"; };
		B6CF2D9020B781810035EA51 /* MyTicketsDelegate.swift */ = {isa = PBXFileReference; fileEncoding = 4; lastKnownFileType = sourcecode.swift; path = MyTicketsDelegate.swift; sourceTree = "<group>"; };
		B6CF2D9220B781F30035EA51 /* ParkingsInboxDelegate.swift */ = {isa = PBXFileReference; fileEncoding = 4; lastKnownFileType = sourcecode.swift; path = ParkingsInboxDelegate.swift; sourceTree = "<group>"; };
		B6CF2D9420B782420035EA51 /* ParkingsRequestDelegate.swift */ = {isa = PBXFileReference; fileEncoding = 4; lastKnownFileType = sourcecode.swift; path = ParkingsRequestDelegate.swift; sourceTree = "<group>"; };
		B6CF2D9620B782BE0035EA51 /* PaymentsDelegate.swift */ = {isa = PBXFileReference; fileEncoding = 4; lastKnownFileType = sourcecode.swift; path = PaymentsDelegate.swift; sourceTree = "<group>"; };
		B6CF2D9820B783510035EA51 /* ProfileDelegate.swift */ = {isa = PBXFileReference; fileEncoding = 4; lastKnownFileType = sourcecode.swift; path = ProfileDelegate.swift; sourceTree = "<group>"; };
		B6CF2D9A20B783B70035EA51 /* RegisterDelegate.swift */ = {isa = PBXFileReference; fileEncoding = 4; lastKnownFileType = sourcecode.swift; path = RegisterDelegate.swift; sourceTree = "<group>"; };
		B6CF2D9C20B784500035EA51 /* TicketDelegate.swift */ = {isa = PBXFileReference; fileEncoding = 4; lastKnownFileType = sourcecode.swift; path = TicketDelegate.swift; sourceTree = "<group>"; };
		B6CF2D9E20B785E90035EA51 /* ChatPresenter.swift */ = {isa = PBXFileReference; fileEncoding = 4; lastKnownFileType = sourcecode.swift; path = ChatPresenter.swift; sourceTree = "<group>"; };
		B6CF2DA020B788080035EA51 /* RealmManager.swift */ = {isa = PBXFileReference; fileEncoding = 4; lastKnownFileType = sourcecode.swift; path = RealmManager.swift; sourceTree = "<group>"; };
		B6DCCEB620DAF17E0018178F /* MessagesViewController.swift */ = {isa = PBXFileReference; fileEncoding = 4; lastKnownFileType = sourcecode.swift; path = MessagesViewController.swift; sourceTree = "<group>"; };
		B6DCCEB820DAF1BC0018178F /* ChatDataSource.swift */ = {isa = PBXFileReference; fileEncoding = 4; lastKnownFileType = sourcecode.swift; path = ChatDataSource.swift; sourceTree = "<group>"; };
		B6DCCEBA20DAF1D20018178F /* ChatTableViewCell.swift */ = {isa = PBXFileReference; fileEncoding = 4; lastKnownFileType = sourcecode.swift; path = ChatTableViewCell.swift; sourceTree = "<group>"; };
		B6DCCEBC20DAF2DC0018178F /* ChatUserTableViewCell.swift */ = {isa = PBXFileReference; fileEncoding = 4; lastKnownFileType = sourcecode.swift; path = ChatUserTableViewCell.swift; sourceTree = "<group>"; };
		B6E4989F201BEE7800703224 /* MySpaceViewController.swift */ = {isa = PBXFileReference; fileEncoding = 4; lastKnownFileType = sourcecode.swift; path = MySpaceViewController.swift; sourceTree = "<group>"; };
		B6E498A1201EB14C00703224 /* LocationViewController.swift */ = {isa = PBXFileReference; fileEncoding = 4; lastKnownFileType = sourcecode.swift; path = LocationViewController.swift; sourceTree = "<group>"; };
		B6E498A3201EB17900703224 /* DownloadsViewController.swift */ = {isa = PBXFileReference; fileEncoding = 4; lastKnownFileType = sourcecode.swift; path = DownloadsViewController.swift; sourceTree = "<group>"; };
		B6E498A5201EB18D00703224 /* ServicesViewController.swift */ = {isa = PBXFileReference; fileEncoding = 4; lastKnownFileType = sourcecode.swift; path = ServicesViewController.swift; sourceTree = "<group>"; };
		B6E498A7201EB1A000703224 /* CharacteristicsViewController.swift */ = {isa = PBXFileReference; fileEncoding = 4; lastKnownFileType = sourcecode.swift; path = CharacteristicsViewController.swift; sourceTree = "<group>"; };
		B6E498A9201EB34200703224 /* ActivityDataSource.swift */ = {isa = PBXFileReference; fileEncoding = 4; lastKnownFileType = sourcecode.swift; path = ActivityDataSource.swift; sourceTree = "<group>"; };
		B6E498AB201EB36000703224 /* ServicesDataSource.swift */ = {isa = PBXFileReference; fileEncoding = 4; lastKnownFileType = sourcecode.swift; path = ServicesDataSource.swift; sourceTree = "<group>"; };
		B6E498AD201EB38F00703224 /* ActivityTableViewCell.swift */ = {isa = PBXFileReference; fileEncoding = 4; lastKnownFileType = sourcecode.swift; path = ActivityTableViewCell.swift; sourceTree = "<group>"; };
		B6E498AF201EB3A800703224 /* ServicesTableViewCell.swift */ = {isa = PBXFileReference; fileEncoding = 4; lastKnownFileType = sourcecode.swift; path = ServicesTableViewCell.swift; sourceTree = "<group>"; };
/* End PBXFileReference section */

/* Begin PBXFrameworksBuildPhase section */
		B64573FA1FD1D480002185C6 /* Frameworks */ = {
			isa = PBXFrameworksBuildPhase;
			buildActionMask = 2147483647;
			files = (
				9859F6FB3C7737EF76B1BDF0 /* Pods_FbMty.framework in Frameworks */,
				B6A0482220D7F7D40072AFC4 /* CloudKit.framework in Frameworks */,
			);
			runOnlyForDeploymentPostprocessing = 0;
		};
		B645740E1FD1D481002185C6 /* Frameworks */ = {
			isa = PBXFrameworksBuildPhase;
			buildActionMask = 2147483647;
			files = (
			);
			runOnlyForDeploymentPostprocessing = 0;
		};
		B64574191FD1D481002185C6 /* Frameworks */ = {
			isa = PBXFrameworksBuildPhase;
			buildActionMask = 2147483647;
			files = (
			);
			runOnlyForDeploymentPostprocessing = 0;
		};
/* End PBXFrameworksBuildPhase section */

/* Begin PBXGroup section */
		82493DCE77942DAAC5E720C9 /* Frameworks */ = {
			isa = PBXGroup;
			children = (
				B6A0482120D7F7D40072AFC4 /* CloudKit.framework */,
				49224737D84D00102777A932 /* Pods_FbMty.framework */,
			);
			name = Frameworks;
			sourceTree = "<group>";
		};
		B64573F41FD1D480002185C6 = {
			isa = PBXGroup;
			children = (
				B64573FF1FD1D481002185C6 /* FbMty */,
				B64574141FD1D481002185C6 /* FbMtyTests */,
				B645741F1FD1D481002185C6 /* FbMtyUITests */,
				B64573FE1FD1D481002185C6 /* Products */,
				F16BAF1A3EBD1024B92F4471 /* Pods */,
				82493DCE77942DAAC5E720C9 /* Frameworks */,
			);
			sourceTree = "<group>";
		};
		B64573FE1FD1D481002185C6 /* Products */ = {
			isa = PBXGroup;
			children = (
				B64573FD1FD1D481002185C6 /* FbMty.app */,
				B64574111FD1D481002185C6 /* FbMtyTests.xctest */,
				B645741C1FD1D481002185C6 /* FbMtyUITests.xctest */,
			);
			name = Products;
			sourceTree = "<group>";
		};
		B64573FF1FD1D481002185C6 /* FbMty */ = {
			isa = PBXGroup;
			children = (
				B6A0481E20D7F70F0072AFC4 /* FbMty.entitlements */,
				B645743D1FD1DC0A002185C6 /* Presenter */,
				B645743A1FD1DC01002185C6 /* Model */,
				B64574341FD1DBF8002185C6 /* Library */,
				B645742F1FD1DBEB002185C6 /* View */,
				B64574001FD1D481002185C6 /* AppDelegate.swift */,
				B645740C1FD1D481002185C6 /* Info.plist */,
			);
			path = FbMty;
			sourceTree = "<group>";
		};
		B64574141FD1D481002185C6 /* FbMtyTests */ = {
			isa = PBXGroup;
			children = (
				B64574151FD1D481002185C6 /* FbMtyTests.swift */,
				B64574171FD1D481002185C6 /* Info.plist */,
			);
			path = FbMtyTests;
			sourceTree = "<group>";
		};
		B645741F1FD1D481002185C6 /* FbMtyUITests */ = {
			isa = PBXGroup;
			children = (
				B64574201FD1D481002185C6 /* FbMtyUITests.swift */,
				B64574221FD1D481002185C6 /* Info.plist */,
			);
			path = FbMtyUITests;
			sourceTree = "<group>";
		};
		B645742F1FD1DBEB002185C6 /* View */ = {
			isa = PBXGroup;
			children = (
				B64574301FD1DBEB002185C6 /* Assets */,
				B64574311FD1DBEB002185C6 /* DataSources */,
				B64574321FD1DBEB002185C6 /* Nibs */,
				B64574331FD1DBEB002185C6 /* ViewControllers */,
			);
			path = View;
			sourceTree = "<group>";
		};
		B64574301FD1DBEB002185C6 /* Assets */ = {
			isa = PBXGroup;
			children = (
				B64574071FD1D481002185C6 /* Assets.xcassets */,
				B64574401FD1DF2E002185C6 /* Icons.xcassets */,
				B64574421FD1DF41002185C6 /* Images.xcassets */,
			);
			path = Assets;
			sourceTree = "<group>";
		};
		B64574311FD1DBEB002185C6 /* DataSources */ = {
			isa = PBXGroup;
			children = (
				B6E498A9201EB34200703224 /* ActivityDataSource.swift */,
				B6E498AB201EB36000703224 /* ServicesDataSource.swift */,
				B6E498AD201EB38F00703224 /* ActivityTableViewCell.swift */,
				B6E498AF201EB3A800703224 /* ServicesTableViewCell.swift */,
				B68FEDE720CAEB09005FD33A /* DownloadsDataSource.swift */,
				B68FEDE920CAEB2E005FD33A /* DownloadsTableViewCell.swift */,
				B64C686B20D020CC00D9AAE4 /* MaintenanceDataSource.swift */,
				B64C686D20D020E500D9AAE4 /* MaintenanceTableViewCell.swift */,
				B63BF03920D07AFF00676087 /* PaymentsTableViewCell.swift */,
				B63BF03B20D07B2200676087 /* PaymentsDataSource.swift */,
				B6A1617D20D18EB600334EFA /* MessageTableViewCell.swift */,
				B6A1617F20D18EED00334EFA /* MessageDataSource.swift */,
				B6A1618120D1C57000334EFA /* MessageSentTableViewCell.swift */,
				B6A0481620D432600072AFC4 /* TicketsDataSource.swift */,
				B6A0481820D432810072AFC4 /* TicketsTableViewCell.swift */,
				B6A0482520D8694F0072AFC4 /* MyTicketsTableViewCell.swift */,
				B6A0482720D86AC90072AFC4 /* MyTicketsDataSource.swift */,
				B61E0D5920D9B0A9002268EC /* ServiceDescDataSource.swift */,
				B61E0D5B20D9B0C2002268EC /* ServiceDescTableViewCell.swift */,
				B61E0D5D20DA2720002268EC /* ParkingsInboxDataSource.swift */,
				B61E0D5F20DA273A002268EC /* ParkingsInboxInboxTableViewCell.swift */,
				B6DCCEB820DAF1BC0018178F /* ChatDataSource.swift */,
				B6DCCEBA20DAF1D20018178F /* ChatTableViewCell.swift */,
				B6DCCEBC20DAF2DC0018178F /* ChatUserTableViewCell.swift */,
				B6907E6820DB2284009D11FA /* ChatCollectionCollectionViewCell.swift */,
				B6907E6A20DB229A009D11FA /* ChatUserCollectionViewCell.swift */,
				B6B3BD2B20C884ED00EDAF89 /* RegisterViewController.swift */,
				B6907E7020DC07C9009D11FA /* MessagesTableViewCell.swift */,
				B6907E7220DC1404009D11FA /* MessagesFbTableViewCell.swift */,
			);
			path = DataSources;
			sourceTree = "<group>";
		};
		B64574321FD1DBEB002185C6 /* Nibs */ = {
			isa = PBXGroup;
			children = (
				B64574041FD1D481002185C6 /* Main.storyboard */,
				B64574091FD1D481002185C6 /* LaunchScreen.storyboard */,
			);
			path = Nibs;
			sourceTree = "<group>";
		};
		B64574331FD1DBEB002185C6 /* ViewControllers */ = {
			isa = PBXGroup;
			children = (
				B64574021FD1D481002185C6 /* ViewController.swift */,
				B65DD6A71FDF16CE00F3626C /* BaseViewController.swift */,
				B65DD6AD1FDF175E00F3626C /* MenuViewController.swift */,
				B65DD6AF1FDF3D9C00F3626C /* PaymentsViewController.swift */,
				B65DD6B11FDF3DAE00F3626C /* MaintenanceViewController.swift */,
				B65DD6B31FDF3DBB00F3626C /* TicketViewController.swift */,
				B6E4989F201BEE7800703224 /* MySpaceViewController.swift */,
				B6E498A1201EB14C00703224 /* LocationViewController.swift */,
				B6E498A3201EB17900703224 /* DownloadsViewController.swift */,
				B6E498A5201EB18D00703224 /* ServicesViewController.swift */,
				B6E498A7201EB1A000703224 /* CharacteristicsViewController.swift */,
				B6653C1020CEEB4500F9189C /* MultimediaViewController.swift */,
				B6653C1220CEFDE100F9189C /* MenuTabViewController.swift */,
				B6653C1420CF1C9B00F9189C /* ProfileViewController.swift */,
				B63BF03720D0415600676087 /* MaintenanceDetailViewController.swift */,
				B6A1617B20D1761100334EFA /* ChatViewController.swift */,
				B6A1618320D336A600334EFA /* PaymentsDetailViewController.swift */,
				B6A0481C20D71EC80072AFC4 /* TicketFormViewController.swift */,
				B6A0482320D864970072AFC4 /* MyTicketsViewController.swift */,
				B61E0D5120D87328002268EC /* MyTicketDetailViewController.swift */,
				B61E0D5320D95575002268EC /* ServiceAdminFormViewController.swift */,
				B61E0D5520D95AC5002268EC /* ParkingsRequestViewController.swift */,
				B61E0D5720D95AEC002268EC /* ParkingsInboxViewController.swift */,
				B6DCCEB620DAF17E0018178F /* MessagesViewController.swift */,
				B6907E6620DB2261009D11FA /* ChatCollectionViewController.swift */,
				B6907E6E20DC07B2009D11FA /* MessagesConsViewController.swift */,
			);
			path = ViewControllers;
			sourceTree = "<group>";
		};
		B64574341FD1DBF8002185C6 /* Library */ = {
			isa = PBXGroup;
			children = (
				B64574351FD1DBF8002185C6 /* Network */,
				B64574391FD1DBF8002185C6 /* Utils */,
			);
			path = Library;
			sourceTree = "<group>";
		};
		B64574351FD1DBF8002185C6 /* Network */ = {
			isa = PBXGroup;
			children = (
				B64574361FD1DBF8002185C6 /* Definitions */,
				B64574371FD1DBF8002185C6 /* Request */,
				B64574381FD1DBF8002185C6 /* Response */,
			);
			path = Network;
			sourceTree = "<group>";
		};
		B64574361FD1DBF8002185C6 /* Definitions */ = {
			isa = PBXGroup;
			children = (
				B6CF2D8420B76CB50035EA51 /* Urls.swift */,
			);
			path = Definitions;
			sourceTree = "<group>";
		};
		B64574371FD1DBF8002185C6 /* Request */ = {
			isa = PBXGroup;
			children = (
				B64574601FD1F20B002185C6 /* ChatRequest.swift */,
				B64574621FD1F320002185C6 /* LoginRequest.swift */,
				B64574641FD1F3DB002185C6 /* MaintenanceTicketRequest.swift */,
				B64574661FD1F49B002185C6 /* PaymentRequest.swift */,
				B64574681FD1F55B002185C6 /* RecoveryPasswordRequest.swift */,
				B64E53F620BCAA4E0062C41E /* RegisterRequest.swift */,
			);
			path = Request;
			sourceTree = "<group>";
		};
		B64574381FD1DBF8002185C6 /* Response */ = {
			isa = PBXGroup;
			children = (
				B6CF2D7A20B75CBC0035EA51 /* LoginResponse.swift */,
			);
			path = Response;
			sourceTree = "<group>";
		};
		B64574391FD1DBF8002185C6 /* Utils */ = {
			isa = PBXGroup;
			children = (
				B64574441FD1E3C7002185C6 /* DesignUtils.swift */,
				B64E53DE20B78A090062C41E /* Reach.swift */,
				B64E53E020B78B850062C41E /* Constants.swift */,
				B64E53E220B88F550062C41E /* Validators.swift */,
				B6B2CE1120C1BF04003BD535 /* LogicUtils.swift */,
				B6B2CE1320C1BFF1003BD535 /* Prefs.swift */,
				B6B3BD2920C8338C00EDAF89 /* Keys.swift */,
				B6C88C3720E6E8C2001BF721 /* TmpDirectory.swift */,
			);
			path = Utils;
			sourceTree = "<group>";
		};
		B645743A1FD1DC01002185C6 /* Model */ = {
			isa = PBXGroup;
			children = (
				B645743B1FD1DC01002185C6 /* Managment */,
				B645743C1FD1DC01002185C6 /* Objects */,
			);
			path = Model;
			sourceTree = "<group>";
		};
		B645743B1FD1DC01002185C6 /* Managment */ = {
			isa = PBXGroup;
			children = (
				B6CF2DA020B788080035EA51 /* RealmManager.swift */,
			);
			path = Managment;
			sourceTree = "<group>";
		};
		B645743C1FD1DC01002185C6 /* Objects */ = {
			isa = PBXGroup;
			children = (
				B64574461FD1E555002185C6 /* ActivityHolding.swift */,
				B64574481FD1E780002185C6 /* Address.swift */,
				B645744A1FD1E92B002185C6 /* Contact.swift */,
				B645744C1FD1E986002185C6 /* Phone.swift */,
				B645744E1FD1EA6F002185C6 /* Coordinate.swift */,
				B64574501FD1EAE2002185C6 /* Maintenance.swift */,
				B64574521FD1EBCD002185C6 /* Office.swift */,
				B64574541FD1EC99002185C6 /* Payments.swift */,
				B64574561FD1ED84002185C6 /* Picture.swift */,
				B64574581FD1EE53002185C6 /* Plan.swift */,
				B645745A1FD1EECC002185C6 /* Provider.swift */,
				B645745C1FD1EF4B002185C6 /* Service.swift */,
				B645745E1FD1EFFB002185C6 /* Ticket.swift */,
				B6CF2D7620B625550035EA51 /* HoldingResponse.swift */,
				B6CF2D7820B62DE10035EA51 /* PicturesResponse.swift */,
				B6CF2D7C20B75F580035EA51 /* MessageResponse.swift */,
				B6CF2D7E20B760F90035EA51 /* MyTicketResponse.swift */,
				B6CF2D8020B764580035EA51 /* ServicesDataResponse.swift */,
				B6CF2D8220B767D50035EA51 /* ServicesDescResponse.swift */,
				B6316B7A20C075C40050DC02 /* StatusParkings.swift */,
			);
			path = Objects;
			sourceTree = "<group>";
		};
		B645743D1FD1DC0A002185C6 /* Presenter */ = {
			isa = PBXGroup;
			children = (
				B645743E1FD1DC0A002185C6 /* Delegate */,
				B645743F1FD1DC0A002185C6 /* Implementations */,
			);
			path = Presenter;
			sourceTree = "<group>";
		};
		B645743E1FD1DC0A002185C6 /* Delegate */ = {
			isa = PBXGroup;
			children = (
				B6CF2D8620B77DF60035EA51 /* ChatDelegate.swift */,
				B6CF2D8820B77FA10035EA51 /* DonwloadDelegate.swift */,
				B6CF2D8A20B77FDF0035EA51 /* HoldingDelegate.swift */,
				B6CF2D8C20B780500035EA51 /* LoginDelegate.swift */,
				B6CF2D8E20B780EC0035EA51 /* MaintenanceDelegate.swift */,
				B6CF2D9020B781810035EA51 /* MyTicketsDelegate.swift */,
				B6CF2D9220B781F30035EA51 /* ParkingsInboxDelegate.swift */,
				B6CF2D9420B782420035EA51 /* ParkingsRequestDelegate.swift */,
				B6CF2D9620B782BE0035EA51 /* PaymentsDelegate.swift */,
				B6CF2D9820B783510035EA51 /* ProfileDelegate.swift */,
				B6CF2D9A20B783B70035EA51 /* RegisterDelegate.swift */,
				B6CF2D9C20B784500035EA51 /* TicketDelegate.swift */,
				B6ACBE1020C9F781006561EE /* ServicesTabDelegate.swift */,
				B68FEDEB20CAEC13005FD33A /* DownloadDelegate.swift */,
				B6A0481A20D435140072AFC4 /* TicketsDelegate.swift */,
			);
			path = Delegate;
			sourceTree = "<group>";
		};
		B645743F1FD1DC0A002185C6 /* Implementations */ = {
			isa = PBXGroup;
			children = (
				B65DD6A91FDF16F700F3626C /* BasePresenter.swift */,
				B6CF2D9E20B785E90035EA51 /* ChatPresenter.swift */,
				B64E53E420B8D4070062C41E /* HoldingPresenter.swift */,
				B64E53E620BC5EA90062C41E /* LoginPresenter.swift */,
				B64E53E820BC6B650062C41E /* MaintenancePresenter.swift */,
				B64E53EA20BC6FBC0062C41E /* MyTicketsPresenter.swift */,
				B64E53EC20BC750C0062C41E /* ParkingsInboxPresenter.swift */,
				B64E53EE20BC78990062C41E /* ParkingsRequestPresenter.swift */,
				B64E53F020BC83150062C41E /* PaymentsPresenter.swift */,
				B64E53F220BC87D10062C41E /* ProfilePresenter.swift */,
				B64E53F420BCA8640062C41E /* RegisterPresenter.swift */,
				B6316B7820C052970050DC02 /* TicketPresenter.swift */,
			);
			path = Implementations;
			sourceTree = "<group>";
		};
		F16BAF1A3EBD1024B92F4471 /* Pods */ = {
			isa = PBXGroup;
			children = (
				24DDC1B4EC3D1659C16A8776 /* Pods-FbMty.debug.xcconfig */,
				91904E2BF6FCD468340A11F3 /* Pods-FbMty.release.xcconfig */,
			);
			name = Pods;
			sourceTree = "<group>";
		};
/* End PBXGroup section */

/* Begin PBXNativeTarget section */
		B64573FC1FD1D480002185C6 /* FbMty */ = {
			isa = PBXNativeTarget;
			buildConfigurationList = B64574251FD1D481002185C6 /* Build configuration list for PBXNativeTarget "FbMty" */;
			buildPhases = (
				0170AB747886464ED65A5A7C /* [CP] Check Pods Manifest.lock */,
				B64573F91FD1D480002185C6 /* Sources */,
				B64573FA1FD1D480002185C6 /* Frameworks */,
				B64573FB1FD1D480002185C6 /* Resources */,
				6A6F678AFE8E3BF8B4C06A65 /* [CP] Embed Pods Frameworks */,
				EB81895E466A32480BD97423 /* [CP] Copy Pods Resources */,
			);
			buildRules = (
			);
			dependencies = (
			);
			name = FbMty;
			productName = FbMty;
			productReference = B64573FD1FD1D481002185C6 /* FbMty.app */;
			productType = "com.apple.product-type.application";
		};
		B64574101FD1D481002185C6 /* FbMtyTests */ = {
			isa = PBXNativeTarget;
			buildConfigurationList = B64574281FD1D481002185C6 /* Build configuration list for PBXNativeTarget "FbMtyTests" */;
			buildPhases = (
				B645740D1FD1D481002185C6 /* Sources */,
				B645740E1FD1D481002185C6 /* Frameworks */,
				B645740F1FD1D481002185C6 /* Resources */,
			);
			buildRules = (
			);
			dependencies = (
				B64574131FD1D481002185C6 /* PBXTargetDependency */,
			);
			name = FbMtyTests;
			productName = FbMtyTests;
			productReference = B64574111FD1D481002185C6 /* FbMtyTests.xctest */;
			productType = "com.apple.product-type.bundle.unit-test";
		};
		B645741B1FD1D481002185C6 /* FbMtyUITests */ = {
			isa = PBXNativeTarget;
			buildConfigurationList = B645742B1FD1D481002185C6 /* Build configuration list for PBXNativeTarget "FbMtyUITests" */;
			buildPhases = (
				B64574181FD1D481002185C6 /* Sources */,
				B64574191FD1D481002185C6 /* Frameworks */,
				B645741A1FD1D481002185C6 /* Resources */,
			);
			buildRules = (
			);
			dependencies = (
				B645741E1FD1D481002185C6 /* PBXTargetDependency */,
			);
			name = FbMtyUITests;
			productName = FbMtyUITests;
			productReference = B645741C1FD1D481002185C6 /* FbMtyUITests.xctest */;
			productType = "com.apple.product-type.bundle.ui-testing";
		};
/* End PBXNativeTarget section */

/* Begin PBXProject section */
		B64573F51FD1D480002185C6 /* Project object */ = {
			isa = PBXProject;
			attributes = {
				LastSwiftUpdateCheck = 0830;
				LastUpgradeCheck = 0830;
				ORGANIZATIONNAME = "HICS SA DE CV";
				TargetAttributes = {
					B64573FC1FD1D480002185C6 = {
						CreatedOnToolsVersion = 8.3.2;
						DevelopmentTeam = PKFT6H4J27;
						ProvisioningStyle = Automatic;
						SystemCapabilities = {
							com.apple.Keychain = {
								enabled = 1;
							};
							com.apple.Push = {
								enabled = 1;
							};
							com.apple.iCloud = {
								enabled = 1;
							};
						};
					};
					B64574101FD1D481002185C6 = {
						CreatedOnToolsVersion = 8.3.2;
						DevelopmentTeam = PKFT6H4J27;
						ProvisioningStyle = Automatic;
						TestTargetID = B64573FC1FD1D480002185C6;
					};
					B645741B1FD1D481002185C6 = {
						CreatedOnToolsVersion = 8.3.2;
						DevelopmentTeam = PKFT6H4J27;
						ProvisioningStyle = Automatic;
						TestTargetID = B64573FC1FD1D480002185C6;
					};
				};
			};
			buildConfigurationList = B64573F81FD1D480002185C6 /* Build configuration list for PBXProject "FbMty" */;
			compatibilityVersion = "Xcode 3.2";
			developmentRegion = English;
			hasScannedForEncodings = 0;
			knownRegions = (
				en,
				Base,
			);
			mainGroup = B64573F41FD1D480002185C6;
			productRefGroup = B64573FE1FD1D481002185C6 /* Products */;
			projectDirPath = "";
			projectRoot = "";
			targets = (
				B64573FC1FD1D480002185C6 /* FbMty */,
				B64574101FD1D481002185C6 /* FbMtyTests */,
				B645741B1FD1D481002185C6 /* FbMtyUITests */,
			);
		};
/* End PBXProject section */

/* Begin PBXResourcesBuildPhase section */
		B64573FB1FD1D480002185C6 /* Resources */ = {
			isa = PBXResourcesBuildPhase;
			buildActionMask = 2147483647;
			files = (
				B645740B1FD1D481002185C6 /* LaunchScreen.storyboard in Resources */,
				B64574431FD1DF41002185C6 /* Images.xcassets in Resources */,
				B64574081FD1D481002185C6 /* Assets.xcassets in Resources */,
				B64574411FD1DF2E002185C6 /* Icons.xcassets in Resources */,
				B64574061FD1D481002185C6 /* Main.storyboard in Resources */,
			);
			runOnlyForDeploymentPostprocessing = 0;
		};
		B645740F1FD1D481002185C6 /* Resources */ = {
			isa = PBXResourcesBuildPhase;
			buildActionMask = 2147483647;
			files = (
			);
			runOnlyForDeploymentPostprocessing = 0;
		};
		B645741A1FD1D481002185C6 /* Resources */ = {
			isa = PBXResourcesBuildPhase;
			buildActionMask = 2147483647;
			files = (
			);
			runOnlyForDeploymentPostprocessing = 0;
		};
/* End PBXResourcesBuildPhase section */

/* Begin PBXShellScriptBuildPhase section */
		0170AB747886464ED65A5A7C /* [CP] Check Pods Manifest.lock */ = {
			isa = PBXShellScriptBuildPhase;
			buildActionMask = 2147483647;
			files = (
			);
			inputPaths = (
				"${PODS_PODFILE_DIR_PATH}/Podfile.lock",
				"${PODS_ROOT}/Manifest.lock",
			);
			name = "[CP] Check Pods Manifest.lock";
			outputPaths = (
				"$(DERIVED_FILE_DIR)/Pods-FbMty-checkManifestLockResult.txt",
			);
			runOnlyForDeploymentPostprocessing = 0;
			shellPath = /bin/sh;
			shellScript = "diff \"${PODS_PODFILE_DIR_PATH}/Podfile.lock\" \"${PODS_ROOT}/Manifest.lock\" > /dev/null\nif [ $? != 0 ] ; then\n    # print error to STDERR\n    echo \"error: The sandbox is not in sync with the Podfile.lock. Run 'pod install' or update your CocoaPods installation.\" >&2\n    exit 1\nfi\n# This output is used by Xcode 'outputs' to avoid re-running this script phase.\necho \"SUCCESS\" > \"${SCRIPT_OUTPUT_FILE_0}\"\n";
			showEnvVarsInLog = 0;
		};
		6A6F678AFE8E3BF8B4C06A65 /* [CP] Embed Pods Frameworks */ = {
			isa = PBXShellScriptBuildPhase;
			buildActionMask = 2147483647;
			files = (
			);
			inputPaths = (
				"${SRCROOT}/Pods/Target Support Files/Pods-FbMty/Pods-FbMty-frameworks.sh",
				"${BUILT_PRODUCTS_DIR}/Alamofire/Alamofire.framework",
				"${BUILT_PRODUCTS_DIR}/AlamofireImage/AlamofireImage.framework",
				"${BUILT_PRODUCTS_DIR}/AlamofireObjectMapper/AlamofireObjectMapper.framework",
				"${BUILT_PRODUCTS_DIR}/BmoImageLoader/BmoImageLoader.framework",
				"${BUILT_PRODUCTS_DIR}/CTPanoramaView/CTPanoramaView.framework",
				"${BUILT_PRODUCTS_DIR}/FlexiblePageControl/FlexiblePageControl.framework",
				"${BUILT_PRODUCTS_DIR}/GrowingTextView/GrowingTextView.framework",
				"${BUILT_PRODUCTS_DIR}/IQKeyboardManagerSwift/IQKeyboardManagerSwift.framework",
				"${BUILT_PRODUCTS_DIR}/ImageSlideshow/ImageSlideshow.framework",
				"${BUILT_PRODUCTS_DIR}/Kingfisher/Kingfisher.framework",
				"${BUILT_PRODUCTS_DIR}/ObjectMapper/ObjectMapper.framework",
				"${BUILT_PRODUCTS_DIR}/PocketSVG/PocketSVG.framework",
				"${BUILT_PRODUCTS_DIR}/Realm/Realm.framework",
				"${BUILT_PRODUCTS_DIR}/RealmSwift/RealmSwift.framework",
				"${BUILT_PRODUCTS_DIR}/STPopup/STPopup.framework",
				"${BUILT_PRODUCTS_DIR}/SlidingContainerViewController/SlidingContainerViewController.framework",
				"${BUILT_PRODUCTS_DIR}/SnapKit/SnapKit.framework",
				"${BUILT_PRODUCTS_DIR}/SpaceView/SpaceView.framework",
				"${BUILT_PRODUCTS_DIR}/StatefulTableView/StatefulTableView.framework",
				"${BUILT_PRODUCTS_DIR}/SwiftSpinner/SwiftSpinner.framework",
				"${BUILT_PRODUCTS_DIR}/XLPagerTabStrip/XLPagerTabStrip.framework",
				"${BUILT_PRODUCTS_DIR}/Zip/Zip.framework",
			);
			name = "[CP] Embed Pods Frameworks";
			outputPaths = (
				"${TARGET_BUILD_DIR}/${FRAMEWORKS_FOLDER_PATH}/Alamofire.framework",
				"${TARGET_BUILD_DIR}/${FRAMEWORKS_FOLDER_PATH}/AlamofireImage.framework",
				"${TARGET_BUILD_DIR}/${FRAMEWORKS_FOLDER_PATH}/AlamofireObjectMapper.framework",
				"${TARGET_BUILD_DIR}/${FRAMEWORKS_FOLDER_PATH}/BmoImageLoader.framework",
				"${TARGET_BUILD_DIR}/${FRAMEWORKS_FOLDER_PATH}/CTPanoramaView.framework",
				"${TARGET_BUILD_DIR}/${FRAMEWORKS_FOLDER_PATH}/FlexiblePageControl.framework",
				"${TARGET_BUILD_DIR}/${FRAMEWORKS_FOLDER_PATH}/GrowingTextView.framework",
				"${TARGET_BUILD_DIR}/${FRAMEWORKS_FOLDER_PATH}/IQKeyboardManagerSwift.framework",
				"${TARGET_BUILD_DIR}/${FRAMEWORKS_FOLDER_PATH}/ImageSlideshow.framework",
				"${TARGET_BUILD_DIR}/${FRAMEWORKS_FOLDER_PATH}/Kingfisher.framework",
				"${TARGET_BUILD_DIR}/${FRAMEWORKS_FOLDER_PATH}/ObjectMapper.framework",
				"${TARGET_BUILD_DIR}/${FRAMEWORKS_FOLDER_PATH}/PocketSVG.framework",
				"${TARGET_BUILD_DIR}/${FRAMEWORKS_FOLDER_PATH}/Realm.framework",
				"${TARGET_BUILD_DIR}/${FRAMEWORKS_FOLDER_PATH}/RealmSwift.framework",
				"${TARGET_BUILD_DIR}/${FRAMEWORKS_FOLDER_PATH}/STPopup.framework",
				"${TARGET_BUILD_DIR}/${FRAMEWORKS_FOLDER_PATH}/SlidingContainerViewController.framework",
				"${TARGET_BUILD_DIR}/${FRAMEWORKS_FOLDER_PATH}/SnapKit.framework",
				"${TARGET_BUILD_DIR}/${FRAMEWORKS_FOLDER_PATH}/SpaceView.framework",
				"${TARGET_BUILD_DIR}/${FRAMEWORKS_FOLDER_PATH}/StatefulTableView.framework",
				"${TARGET_BUILD_DIR}/${FRAMEWORKS_FOLDER_PATH}/SwiftSpinner.framework",
				"${TARGET_BUILD_DIR}/${FRAMEWORKS_FOLDER_PATH}/XLPagerTabStrip.framework",
				"${TARGET_BUILD_DIR}/${FRAMEWORKS_FOLDER_PATH}/Zip.framework",
			);
			runOnlyForDeploymentPostprocessing = 0;
			shellPath = /bin/sh;
			shellScript = "\"${SRCROOT}/Pods/Target Support Files/Pods-FbMty/Pods-FbMty-frameworks.sh\"\n";
			showEnvVarsInLog = 0;
		};
		EB81895E466A32480BD97423 /* [CP] Copy Pods Resources */ = {
			isa = PBXShellScriptBuildPhase;
			buildActionMask = 2147483647;
			files = (
			);
			inputPaths = (
				"${SRCROOT}/Pods/Target Support Files/Pods-FbMty/Pods-FbMty-resources.sh",
				"${PODS_ROOT}/GoogleMaps/Maps/Frameworks/GoogleMaps.framework/Versions/A/Resources/GoogleMaps.bundle",
				"${PODS_ROOT}/GooglePlaces/Frameworks/GooglePlaces.framework/Versions/A/Resources/GooglePlaces.bundle",
			);
			name = "[CP] Copy Pods Resources";
			outputPaths = (
				"${TARGET_BUILD_DIR}/${UNLOCALIZED_RESOURCES_FOLDER_PATH}/GoogleMaps.bundle",
				"${TARGET_BUILD_DIR}/${UNLOCALIZED_RESOURCES_FOLDER_PATH}/GooglePlaces.bundle",
			);
			runOnlyForDeploymentPostprocessing = 0;
			shellPath = /bin/sh;
			shellScript = "\"${SRCROOT}/Pods/Target Support Files/Pods-FbMty/Pods-FbMty-resources.sh\"\n";
			showEnvVarsInLog = 0;
		};
/* End PBXShellScriptBuildPhase section */

/* Begin PBXSourcesBuildPhase section */
		B64573F91FD1D480002185C6 /* Sources */ = {
			isa = PBXSourcesBuildPhase;
			buildActionMask = 2147483647;
			files = (
				B6A0481B20D435140072AFC4 /* TicketsDelegate.swift in Sources */,
				B68FEDEC20CAEC13005FD33A /* DownloadDelegate.swift in Sources */,
				B64E53F720BCAA4E0062C41E /* RegisterRequest.swift in Sources */,
				B61E0D5A20D9B0A9002268EC /* ServiceDescDataSource.swift in Sources */,
				B6653C1320CEFDE100F9189C /* MenuTabViewController.swift in Sources */,
				B61E0D6020DA273A002268EC /* ParkingsInboxInboxTableViewCell.swift in Sources */,
				B6CF2D9920B783510035EA51 /* ProfileDelegate.swift in Sources */,
				B6CF2D8920B77FA10035EA51 /* DonwloadDelegate.swift in Sources */,
				B65DD6B21FDF3DAE00F3626C /* MaintenanceViewController.swift in Sources */,
				B6CF2D9720B782BE0035EA51 /* PaymentsDelegate.swift in Sources */,
				B6A1617E20D18EB600334EFA /* MessageTableViewCell.swift in Sources */,
				B61E0D5C20D9B0C2002268EC /* ServiceDescTableViewCell.swift in Sources */,
				B6907E7320DC1404009D11FA /* MessagesFbTableViewCell.swift in Sources */,
				B6E498A8201EB1A000703224 /* CharacteristicsViewController.swift in Sources */,
				B68FEDE820CAEB09005FD33A /* DownloadsDataSource.swift in Sources */,
				B6CF2D9520B782420035EA51 /* ParkingsRequestDelegate.swift in Sources */,
				B64E53EB20BC6FBC0062C41E /* MyTicketsPresenter.swift in Sources */,
				B6CF2D9F20B785E90035EA51 /* ChatPresenter.swift in Sources */,
				B6907E6920DB2284009D11FA /* ChatCollectionCollectionViewCell.swift in Sources */,
				B6CF2D9D20B784500035EA51 /* TicketDelegate.swift in Sources */,
				B6A1618420D336A600334EFA /* PaymentsDetailViewController.swift in Sources */,
				B6E498AC201EB36000703224 /* ServicesDataSource.swift in Sources */,
				B6DCCEBD20DAF2DC0018178F /* ChatUserTableViewCell.swift in Sources */,
				B6DCCEB720DAF17E0018178F /* MessagesViewController.swift in Sources */,
				B64574571FD1ED84002185C6 /* Picture.swift in Sources */,
				B64C686E20D020E500D9AAE4 /* MaintenanceTableViewCell.swift in Sources */,
				B64E53E520B8D4070062C41E /* HoldingPresenter.swift in Sources */,
				B6CF2D7F20B760F90035EA51 /* MyTicketResponse.swift in Sources */,
				B64574651FD1F3DB002185C6 /* MaintenanceTicketRequest.swift in Sources */,
				B6653C1520CF1C9B00F9189C /* ProfileViewController.swift in Sources */,
				B64C686C20D020CC00D9AAE4 /* MaintenanceDataSource.swift in Sources */,
				B6907E6B20DB229A009D11FA /* ChatUserCollectionViewCell.swift in Sources */,
				B64574671FD1F49B002185C6 /* PaymentRequest.swift in Sources */,
				B6A0482820D86AC90072AFC4 /* MyTicketsDataSource.swift in Sources */,
				B645744B1FD1E92B002185C6 /* Contact.swift in Sources */,
				B645745D1FD1EF4B002185C6 /* Service.swift in Sources */,
				B64E53E920BC6B650062C41E /* MaintenancePresenter.swift in Sources */,
				B6CF2D7720B625550035EA51 /* HoldingResponse.swift in Sources */,
				B645745B1FD1EECC002185C6 /* Provider.swift in Sources */,
				B6907E6720DB2261009D11FA /* ChatCollectionViewController.swift in Sources */,
				B64574691FD1F55B002185C6 /* RecoveryPasswordRequest.swift in Sources */,
				B6A0481720D432600072AFC4 /* TicketsDataSource.swift in Sources */,
				B65DD6B41FDF3DBB00F3626C /* TicketViewController.swift in Sources */,
				B6B3BD2C20C884ED00EDAF89 /* RegisterViewController.swift in Sources */,
				B65DD6AE1FDF175E00F3626C /* MenuViewController.swift in Sources */,
				B64574031FD1D481002185C6 /* ViewController.swift in Sources */,
				B6B3BD2A20C8338C00EDAF89 /* Keys.swift in Sources */,
				B6CF2D8520B76CB50035EA51 /* Urls.swift in Sources */,
				B64574451FD1E3C7002185C6 /* DesignUtils.swift in Sources */,
				B64574591FD1EE53002185C6 /* Plan.swift in Sources */,
				B64574511FD1EAE2002185C6 /* Maintenance.swift in Sources */,
				B6A1618020D18EED00334EFA /* MessageDataSource.swift in Sources */,
				B6907E7120DC07C9009D11FA /* MessagesTableViewCell.swift in Sources */,
				B6CF2D9120B781810035EA51 /* MyTicketsDelegate.swift in Sources */,
				B6E498A6201EB18D00703224 /* ServicesViewController.swift in Sources */,
				B61E0D5620D95AC5002268EC /* ParkingsRequestViewController.swift in Sources */,
				B6CF2D8B20B77FDF0035EA51 /* HoldingDelegate.swift in Sources */,
				B65DD6AA1FDF16F700F3626C /* BasePresenter.swift in Sources */,
				B64E53E720BC5EA90062C41E /* LoginPresenter.swift in Sources */,
				B6DCCEBB20DAF1D20018178F /* ChatTableViewCell.swift in Sources */,
				B6CF2D9320B781F30035EA51 /* ParkingsInboxDelegate.swift in Sources */,
				B6A0481920D432810072AFC4 /* TicketsTableViewCell.swift in Sources */,
				B645744F1FD1EA6F002185C6 /* Coordinate.swift in Sources */,
				B6CF2D7D20B75F580035EA51 /* MessageResponse.swift in Sources */,
				B64574631FD1F320002185C6 /* LoginRequest.swift in Sources */,
				B6CF2D8720B77DF60035EA51 /* ChatDelegate.swift in Sources */,
				B6E498A2201EB14D00703224 /* LocationViewController.swift in Sources */,
				B64E53EF20BC78990062C41E /* ParkingsRequestPresenter.swift in Sources */,
				B64E53E120B78B850062C41E /* Constants.swift in Sources */,
				B61E0D5820D95AEC002268EC /* ParkingsInboxViewController.swift in Sources */,
				B6A0482420D864970072AFC4 /* MyTicketsViewController.swift in Sources */,
				B63BF03A20D07AFF00676087 /* PaymentsTableViewCell.swift in Sources */,
				B6CF2D8120B764580035EA51 /* ServicesDataResponse.swift in Sources */,
				B65DD6A81FDF16CE00F3626C /* BaseViewController.swift in Sources */,
				B6B2CE1220C1BF04003BD535 /* LogicUtils.swift in Sources */,
				B64E53F120BC83150062C41E /* PaymentsPresenter.swift in Sources */,
				B64E53E320B88F550062C41E /* Validators.swift in Sources */,
				B64574551FD1EC99002185C6 /* Payments.swift in Sources */,
				B6E498A4201EB17900703224 /* DownloadsViewController.swift in Sources */,
				B64E53F320BC87D10062C41E /* ProfilePresenter.swift in Sources */,
				B61E0D5420D95575002268EC /* ServiceAdminFormViewController.swift in Sources */,
				B6E498A0201BEE7800703224 /* MySpaceViewController.swift in Sources */,
				B6E498B0201EB3A800703224 /* ServicesTableViewCell.swift in Sources */,
				B6CF2D8D20B780500035EA51 /* LoginDelegate.swift in Sources */,
				B6A0481D20D71EC80072AFC4 /* TicketFormViewController.swift in Sources */,
				B61E0D5220D87328002268EC /* MyTicketDetailViewController.swift in Sources */,
				B64574471FD1E555002185C6 /* ActivityHolding.swift in Sources */,
				B61E0D5E20DA2720002268EC /* ParkingsInboxDataSource.swift in Sources */,
				B6A0482620D8694F0072AFC4 /* MyTicketsTableViewCell.swift in Sources */,
				B6CF2DA120B788080035EA51 /* RealmManager.swift in Sources */,
				B645745F1FD1EFFB002185C6 /* Ticket.swift in Sources */,
				B6316B7B20C075C40050DC02 /* StatusParkings.swift in Sources */,
				B645744D1FD1E986002185C6 /* Phone.swift in Sources */,
				B65DD6B01FDF3D9C00F3626C /* PaymentsViewController.swift in Sources */,
				B6CF2D7920B62DE10035EA51 /* PicturesResponse.swift in Sources */,
				B6CF2D7B20B75CBC0035EA51 /* LoginResponse.swift in Sources */,
				B63BF03820D0415600676087 /* MaintenanceDetailViewController.swift in Sources */,
				B64574531FD1EBCD002185C6 /* Office.swift in Sources */,
				B6E498AA201EB34200703224 /* ActivityDataSource.swift in Sources */,
				B64574611FD1F20B002185C6 /* ChatRequest.swift in Sources */,
				B6CF2D8F20B780EC0035EA51 /* MaintenanceDelegate.swift in Sources */,
				B6DCCEB920DAF1BC0018178F /* ChatDataSource.swift in Sources */,
				B6E498AE201EB38F00703224 /* ActivityTableViewCell.swift in Sources */,
				B68FEDEA20CAEB2E005FD33A /* DownloadsTableViewCell.swift in Sources */,
				B6A1618220D1C57000334EFA /* MessageSentTableViewCell.swift in Sources */,
				B6CF2D9B20B783B70035EA51 /* RegisterDelegate.swift in Sources */,
				B6CF2D8320B767D50035EA51 /* ServicesDescResponse.swift in Sources */,
				B6653C1120CEEB4500F9189C /* MultimediaViewController.swift in Sources */,
				B64E53F520BCA8640062C41E /* RegisterPresenter.swift in Sources */,
				B64574011FD1D481002185C6 /* AppDelegate.swift in Sources */,
				B6316B7920C052970050DC02 /* TicketPresenter.swift in Sources */,
				B63BF03C20D07B2200676087 /* PaymentsDataSource.swift in Sources */,
				B64574491FD1E780002185C6 /* Address.swift in Sources */,
				B6ACBE1120C9F781006561EE /* ServicesTabDelegate.swift in Sources */,
				B6B2CE1420C1BFF1003BD535 /* Prefs.swift in Sources */,
				B6C88C3820E6E8C2001BF721 /* TmpDirectory.swift in Sources */,
				B64E53ED20BC750C0062C41E /* ParkingsInboxPresenter.swift in Sources */,
				B6A1617C20D1761100334EFA /* ChatViewController.swift in Sources */,
				B6907E6F20DC07B2009D11FA /* MessagesConsViewController.swift in Sources */,
				B64E53DF20B78A090062C41E /* Reach.swift in Sources */,
			);
			runOnlyForDeploymentPostprocessing = 0;
		};
		B645740D1FD1D481002185C6 /* Sources */ = {
			isa = PBXSourcesBuildPhase;
			buildActionMask = 2147483647;
			files = (
				B64574161FD1D481002185C6 /* FbMtyTests.swift in Sources */,
			);
			runOnlyForDeploymentPostprocessing = 0;
		};
		B64574181FD1D481002185C6 /* Sources */ = {
			isa = PBXSourcesBuildPhase;
			buildActionMask = 2147483647;
			files = (
				B64574211FD1D481002185C6 /* FbMtyUITests.swift in Sources */,
			);
			runOnlyForDeploymentPostprocessing = 0;
		};
/* End PBXSourcesBuildPhase section */

/* Begin PBXTargetDependency section */
		B64574131FD1D481002185C6 /* PBXTargetDependency */ = {
			isa = PBXTargetDependency;
			target = B64573FC1FD1D480002185C6 /* FbMty */;
			targetProxy = B64574121FD1D481002185C6 /* PBXContainerItemProxy */;
		};
		B645741E1FD1D481002185C6 /* PBXTargetDependency */ = {
			isa = PBXTargetDependency;
			target = B64573FC1FD1D480002185C6 /* FbMty */;
			targetProxy = B645741D1FD1D481002185C6 /* PBXContainerItemProxy */;
		};
/* End PBXTargetDependency section */

/* Begin PBXVariantGroup section */
		B64574041FD1D481002185C6 /* Main.storyboard */ = {
			isa = PBXVariantGroup;
			children = (
				B64574051FD1D481002185C6 /* Base */,
			);
			name = Main.storyboard;
			path = ../..;
			sourceTree = "<group>";
		};
		B64574091FD1D481002185C6 /* LaunchScreen.storyboard */ = {
			isa = PBXVariantGroup;
			children = (
				B645740A1FD1D481002185C6 /* Base */,
			);
			name = LaunchScreen.storyboard;
			path = ../..;
			sourceTree = "<group>";
		};
/* End PBXVariantGroup section */

/* Begin XCBuildConfiguration section */
		B64574231FD1D481002185C6 /* Debug */ = {
			isa = XCBuildConfiguration;
			buildSettings = {
				ALWAYS_SEARCH_USER_PATHS = NO;
				CLANG_ANALYZER_NONNULL = YES;
				CLANG_ANALYZER_NUMBER_OBJECT_CONVERSION = YES_AGGRESSIVE;
				CLANG_CXX_LANGUAGE_STANDARD = "gnu++0x";
				CLANG_CXX_LIBRARY = "libc++";
				CLANG_ENABLE_MODULES = YES;
				CLANG_ENABLE_OBJC_ARC = YES;
				CLANG_WARN_BOOL_CONVERSION = YES;
				CLANG_WARN_CONSTANT_CONVERSION = YES;
				CLANG_WARN_DIRECT_OBJC_ISA_USAGE = YES_ERROR;
				CLANG_WARN_DOCUMENTATION_COMMENTS = YES;
				CLANG_WARN_EMPTY_BODY = YES;
				CLANG_WARN_ENUM_CONVERSION = YES;
				CLANG_WARN_INFINITE_RECURSION = YES;
				CLANG_WARN_INT_CONVERSION = YES;
				CLANG_WARN_OBJC_ROOT_CLASS = YES_ERROR;
				CLANG_WARN_SUSPICIOUS_MOVE = YES;
				CLANG_WARN_UNREACHABLE_CODE = YES;
				CLANG_WARN__DUPLICATE_METHOD_MATCH = YES;
				"CODE_SIGN_IDENTITY[sdk=iphoneos*]" = "iPhone Developer";
				COPY_PHASE_STRIP = NO;
				DEBUG_INFORMATION_FORMAT = dwarf;
				ENABLE_STRICT_OBJC_MSGSEND = YES;
				ENABLE_TESTABILITY = YES;
				GCC_C_LANGUAGE_STANDARD = gnu99;
				GCC_DYNAMIC_NO_PIC = NO;
				GCC_NO_COMMON_BLOCKS = YES;
				GCC_OPTIMIZATION_LEVEL = 0;
				GCC_PREPROCESSOR_DEFINITIONS = (
					"DEBUG=1",
					"$(inherited)",
				);
				GCC_WARN_64_TO_32_BIT_CONVERSION = YES;
				GCC_WARN_ABOUT_RETURN_TYPE = YES_ERROR;
				GCC_WARN_UNDECLARED_SELECTOR = YES;
				GCC_WARN_UNINITIALIZED_AUTOS = YES_AGGRESSIVE;
				GCC_WARN_UNUSED_FUNCTION = YES;
				GCC_WARN_UNUSED_VARIABLE = YES;
				IPHONEOS_DEPLOYMENT_TARGET = 10.3;
				MTL_ENABLE_DEBUG_INFO = YES;
				ONLY_ACTIVE_ARCH = YES;
				SDKROOT = iphoneos;
				SWIFT_ACTIVE_COMPILATION_CONDITIONS = DEBUG;
				SWIFT_OPTIMIZATION_LEVEL = "-Onone";
			};
			name = Debug;
		};
		B64574241FD1D481002185C6 /* Release */ = {
			isa = XCBuildConfiguration;
			buildSettings = {
				ALWAYS_SEARCH_USER_PATHS = NO;
				CLANG_ANALYZER_NONNULL = YES;
				CLANG_ANALYZER_NUMBER_OBJECT_CONVERSION = YES_AGGRESSIVE;
				CLANG_CXX_LANGUAGE_STANDARD = "gnu++0x";
				CLANG_CXX_LIBRARY = "libc++";
				CLANG_ENABLE_MODULES = YES;
				CLANG_ENABLE_OBJC_ARC = YES;
				CLANG_WARN_BOOL_CONVERSION = YES;
				CLANG_WARN_CONSTANT_CONVERSION = YES;
				CLANG_WARN_DIRECT_OBJC_ISA_USAGE = YES_ERROR;
				CLANG_WARN_DOCUMENTATION_COMMENTS = YES;
				CLANG_WARN_EMPTY_BODY = YES;
				CLANG_WARN_ENUM_CONVERSION = YES;
				CLANG_WARN_INFINITE_RECURSION = YES;
				CLANG_WARN_INT_CONVERSION = YES;
				CLANG_WARN_OBJC_ROOT_CLASS = YES_ERROR;
				CLANG_WARN_SUSPICIOUS_MOVE = YES;
				CLANG_WARN_UNREACHABLE_CODE = YES;
				CLANG_WARN__DUPLICATE_METHOD_MATCH = YES;
				"CODE_SIGN_IDENTITY[sdk=iphoneos*]" = "iPhone Developer";
				COPY_PHASE_STRIP = NO;
				DEBUG_INFORMATION_FORMAT = "dwarf-with-dsym";
				ENABLE_NS_ASSERTIONS = NO;
				ENABLE_STRICT_OBJC_MSGSEND = YES;
				GCC_C_LANGUAGE_STANDARD = gnu99;
				GCC_NO_COMMON_BLOCKS = YES;
				GCC_WARN_64_TO_32_BIT_CONVERSION = YES;
				GCC_WARN_ABOUT_RETURN_TYPE = YES_ERROR;
				GCC_WARN_UNDECLARED_SELECTOR = YES;
				GCC_WARN_UNINITIALIZED_AUTOS = YES_AGGRESSIVE;
				GCC_WARN_UNUSED_FUNCTION = YES;
				GCC_WARN_UNUSED_VARIABLE = YES;
				IPHONEOS_DEPLOYMENT_TARGET = 10.3;
				MTL_ENABLE_DEBUG_INFO = NO;
				SDKROOT = iphoneos;
				SWIFT_OPTIMIZATION_LEVEL = "-Owholemodule";
				VALIDATE_PRODUCT = YES;
			};
			name = Release;
		};
		B64574261FD1D481002185C6 /* Debug */ = {
			isa = XCBuildConfiguration;
			baseConfigurationReference = 24DDC1B4EC3D1659C16A8776 /* Pods-FbMty.debug.xcconfig */;
			buildSettings = {
				ASSETCATALOG_COMPILER_APPICON_NAME = AppIcon;
				CODE_SIGN_ENTITLEMENTS = FbMty/FbMty.entitlements;
				CODE_SIGN_IDENTITY = "iPhone Developer";
				"CODE_SIGN_IDENTITY[sdk=iphoneos*]" = "iPhone Developer";
				CODE_SIGN_STYLE = Automatic;
				DEVELOPMENT_TEAM = PKFT6H4J27;
				INFOPLIST_FILE = FbMty/Info.plist;
				IPHONEOS_DEPLOYMENT_TARGET = 10.2;
				LD_RUNPATH_SEARCH_PATHS = "$(inherited) @executable_path/Frameworks";
				PRODUCT_BUNDLE_IDENTIFIER = com.fbmty.FbMty;
				PRODUCT_NAME = "$(TARGET_NAME)";
				PROVISIONING_PROFILE = "";
				PROVISIONING_PROFILE_SPECIFIER = "";
				SWIFT_VERSION = 3.0;
			};
			name = Debug;
		};
		B64574271FD1D481002185C6 /* Release */ = {
			isa = XCBuildConfiguration;
			baseConfigurationReference = 91904E2BF6FCD468340A11F3 /* Pods-FbMty.release.xcconfig */;
			buildSettings = {
				ASSETCATALOG_COMPILER_APPICON_NAME = AppIcon;
				CODE_SIGN_ENTITLEMENTS = FbMty/FbMty.entitlements;
				CODE_SIGN_IDENTITY = "iPhone Developer";
				"CODE_SIGN_IDENTITY[sdk=iphoneos*]" = "iPhone Developer";
				CODE_SIGN_STYLE = Automatic;
				DEVELOPMENT_TEAM = PKFT6H4J27;
				INFOPLIST_FILE = FbMty/Info.plist;
				IPHONEOS_DEPLOYMENT_TARGET = 10.2;
				LD_RUNPATH_SEARCH_PATHS = "$(inherited) @executable_path/Frameworks";
				PRODUCT_BUNDLE_IDENTIFIER = com.fbmty.FbMty;
				PRODUCT_NAME = "$(TARGET_NAME)";
				PROVISIONING_PROFILE = "";
				PROVISIONING_PROFILE_SPECIFIER = "";
				SWIFT_VERSION = 3.0;
			};
			name = Release;
		};
		B64574291FD1D481002185C6 /* Debug */ = {
			isa = XCBuildConfiguration;
			buildSettings = {
				ALWAYS_EMBED_SWIFT_STANDARD_LIBRARIES = YES;
				BUNDLE_LOADER = "$(TEST_HOST)";
				DEVELOPMENT_TEAM = PKFT6H4J27;
				INFOPLIST_FILE = FbMtyTests/Info.plist;
				LD_RUNPATH_SEARCH_PATHS = "$(inherited) @executable_path/Frameworks @loader_path/Frameworks";
				PRODUCT_BUNDLE_IDENTIFIER = com.fbmty.FbMtyTests;
				PRODUCT_NAME = "$(TARGET_NAME)";
				SWIFT_VERSION = 3.0;
				TEST_HOST = "$(BUILT_PRODUCTS_DIR)/FbMty.app/FbMty";
			};
			name = Debug;
		};
		B645742A1FD1D481002185C6 /* Release */ = {
			isa = XCBuildConfiguration;
			buildSettings = {
				ALWAYS_EMBED_SWIFT_STANDARD_LIBRARIES = YES;
				BUNDLE_LOADER = "$(TEST_HOST)";
				DEVELOPMENT_TEAM = PKFT6H4J27;
				INFOPLIST_FILE = FbMtyTests/Info.plist;
				LD_RUNPATH_SEARCH_PATHS = "$(inherited) @executable_path/Frameworks @loader_path/Frameworks";
				PRODUCT_BUNDLE_IDENTIFIER = com.fbmty.FbMtyTests;
				PRODUCT_NAME = "$(TARGET_NAME)";
				SWIFT_VERSION = 3.0;
				TEST_HOST = "$(BUILT_PRODUCTS_DIR)/FbMty.app/FbMty";
			};
			name = Release;
		};
		B645742C1FD1D481002185C6 /* Debug */ = {
			isa = XCBuildConfiguration;
			buildSettings = {
				ALWAYS_EMBED_SWIFT_STANDARD_LIBRARIES = YES;
				DEVELOPMENT_TEAM = PKFT6H4J27;
				INFOPLIST_FILE = FbMtyUITests/Info.plist;
				LD_RUNPATH_SEARCH_PATHS = "$(inherited) @executable_path/Frameworks @loader_path/Frameworks";
				PRODUCT_BUNDLE_IDENTIFIER = com.fbmty.FbMtyUITests;
				PRODUCT_NAME = "$(TARGET_NAME)";
				SWIFT_VERSION = 3.0;
				TEST_TARGET_NAME = FbMty;
			};
			name = Debug;
		};
		B645742D1FD1D481002185C6 /* Release */ = {
			isa = XCBuildConfiguration;
			buildSettings = {
				ALWAYS_EMBED_SWIFT_STANDARD_LIBRARIES = YES;
				DEVELOPMENT_TEAM = PKFT6H4J27;
				INFOPLIST_FILE = FbMtyUITests/Info.plist;
				LD_RUNPATH_SEARCH_PATHS = "$(inherited) @executable_path/Frameworks @loader_path/Frameworks";
				PRODUCT_BUNDLE_IDENTIFIER = com.fbmty.FbMtyUITests;
				PRODUCT_NAME = "$(TARGET_NAME)";
				SWIFT_VERSION = 3.0;
				TEST_TARGET_NAME = FbMty;
			};
			name = Release;
		};
/* End XCBuildConfiguration section */

/* Begin XCConfigurationList section */
		B64573F81FD1D480002185C6 /* Build configuration list for PBXProject "FbMty" */ = {
			isa = XCConfigurationList;
			buildConfigurations = (
				B64574231FD1D481002185C6 /* Debug */,
				B64574241FD1D481002185C6 /* Release */,
			);
			defaultConfigurationIsVisible = 0;
			defaultConfigurationName = Release;
		};
		B64574251FD1D481002185C6 /* Build configuration list for PBXNativeTarget "FbMty" */ = {
			isa = XCConfigurationList;
			buildConfigurations = (
				B64574261FD1D481002185C6 /* Debug */,
				B64574271FD1D481002185C6 /* Release */,
			);
			defaultConfigurationIsVisible = 0;
			defaultConfigurationName = Release;
		};
		B64574281FD1D481002185C6 /* Build configuration list for PBXNativeTarget "FbMtyTests" */ = {
			isa = XCConfigurationList;
			buildConfigurations = (
				B64574291FD1D481002185C6 /* Debug */,
				B645742A1FD1D481002185C6 /* Release */,
			);
			defaultConfigurationIsVisible = 0;
			defaultConfigurationName = Release;
		};
		B645742B1FD1D481002185C6 /* Build configuration list for PBXNativeTarget "FbMtyUITests" */ = {
			isa = XCConfigurationList;
			buildConfigurations = (
				B645742C1FD1D481002185C6 /* Debug */,
				B645742D1FD1D481002185C6 /* Release */,
			);
			defaultConfigurationIsVisible = 0;
			defaultConfigurationName = Release;
		};
/* End XCConfigurationList section */
	};
	rootObject = B64573F51FD1D480002185C6 /* Project object */;
}
